
Microsoft Visual Studio Solution File, Format Version 12.00
# Visual Studio Version 16
VisualStudioVersion = 16.0.30605.207
MinimumVisualStudioVersion = 10.0.40219.1
Project("{2150E333-8FDC-42A3-9474-1A3956D46DE8}") = "build", "build", "{B9D9077F-BA07-40FC-A3FA-456016AC7961}"
	ProjectSection(SolutionItems) = preProject
		build\cpp.props = build\cpp.props
		build\cpp.targets = build\cpp.targets
		build\cpp.xml = build\cpp.xml
	EndProjectSection
EndProject
Project("{2150E333-8FDC-42A3-9474-1A3956D46DE8}") = "projects", "projects", "{47627E0A-97AB-443C-858F-58FE0484F0D6}"
EndProject
Project("{2150E333-8FDC-42A3-9474-1A3956D46DE8}") = "vendor", "vendor", "{D0A3E049-D71B-4C7E-BE9B-065830246EC0}"
EndProject
Project("{8BC9CEB8-8B4A-11D0-8D11-00A0C91BC942}") = "ff.vendor.directxtex", "vendor\directxtex_uwp.vcxproj", "{57AE618B-7B0E-4F51-B623-D1B5B90D11C9}"
EndProject
Project("{8BC9CEB8-8B4A-11D0-8D11-00A0C91BC942}") = "ff.vendor.libpng", "vendor\libpng_uwp.vcxproj", "{4976A08A-4CD9-4E6C-9DA7-E549D6F2295F}"
EndProject
Project("{8BC9CEB8-8B4A-11D0-8D11-00A0C91BC942}") = "ff.vendor.noesis_interactivity", "vendor\noesis_interactivity_uwp.vcxproj", "{7D54169C-9751-4157-9B9F-33FCF6C7B496}"
EndProject
Project("{8BC9CEB8-8B4A-11D0-8D11-00A0C91BC942}") = "ff.vendor.zlib", "vendor\zlib_uwp.vcxproj", "{81322AD5-41D2-429D-B8A7-BB1E1A66AFEF}"
EndProject
Project("{8BC9CEB8-8B4A-11D0-8D11-00A0C91BC942}") = "ff.ui", "projects\ff\ui\ui_uwp.vcxproj", "{279176CB-1DB1-40EA-AA60-1A0469E8A6D8}"
EndProject
Project("{8BC9CEB8-8B4A-11D0-8D11-00A0C91BC942}") = "ff.application", "projects\ff\application\application_uwp.vcxproj", "{513B0EBC-4A6B-455F-B190-7864F3092778}"
EndProject
Project("{8BC9CEB8-8B4A-11D0-8D11-00A0C91BC942}") = "ff.audio", "projects\ff\audio\audio_uwp.vcxproj", "{E3BF3073-8DA5-4D8A-954B-9CE0BFC04A16}"
EndProject
Project("{8BC9CEB8-8B4A-11D0-8D11-00A0C91BC942}") = "ff.base", "projects\ff\base\base_uwp.vcxproj", "{EA1C6536-053D-4947-89AD-CE4FCE4671C2}"
EndProject
Project("{8BC9CEB8-8B4A-11D0-8D11-00A0C91BC942}") = "ff.data", "projects\ff\data\data_uwp.vcxproj", "{D8B24569-074B-41E2-9F23-094D2CC61FA4}"
EndProject
Project("{8BC9CEB8-8B4A-11D0-8D11-00A0C91BC942}") = "ff.graphics", "projects\ff\graphics\graphics_uwp.vcxproj", "{EABBDAC6-970E-403E-A7C9-ECC410B2A040}"
EndProject
Project("{8BC9CEB8-8B4A-11D0-8D11-00A0C91BC942}") = "ff.input", "projects\ff\input\input_uwp.vcxproj", "{F3F87D0D-69B7-4187-95B0-BFC0DD83E311}"
EndProject
Project("{2150E333-8FDC-42A3-9474-1A3956D46DE8}") = "config", "config", "{07CD83C7-2D93-4751-9564-26D1626577B3}"
	ProjectSection(SolutionItems) = preProject
		.editorconfig = .editorconfig
		.gitignore = .gitignore
		.gitmodules = .gitmodules
		Doxyfile = Doxyfile
		LICENSE = LICENSE
		README.md = README.md
	EndProjectSection
EndProject
Global
	GlobalSection(SolutionConfigurationPlatforms) = preSolution
		Debug|x64 = Debug|x64
		Debug|x86 = Debug|x86
		Release|x64 = Release|x64
		Release|x86 = Release|x86
	EndGlobalSection
	GlobalSection(ProjectConfigurationPlatforms) = postSolution
		{57AE618B-7B0E-4F51-B623-D1B5B90D11C9}.Debug|x64.ActiveCfg = Debug|x64
		{57AE618B-7B0E-4F51-B623-D1B5B90D11C9}.Debug|x64.Build.0 = Debug|x64
		{57AE618B-7B0E-4F51-B623-D1B5B90D11C9}.Debug|x86.ActiveCfg = Debug|Win32
		{57AE618B-7B0E-4F51-B623-D1B5B90D11C9}.Debug|x86.Build.0 = Debug|Win32
		{57AE618B-7B0E-4F51-B623-D1B5B90D11C9}.Release|x64.ActiveCfg = Release|x64
		{57AE618B-7B0E-4F51-B623-D1B5B90D11C9}.Release|x64.Build.0 = Release|x64
		{57AE618B-7B0E-4F51-B623-D1B5B90D11C9}.Release|x86.ActiveCfg = Release|Win32
		{57AE618B-7B0E-4F51-B623-D1B5B90D11C9}.Release|x86.Build.0 = Release|Win32
		{4976A08A-4CD9-4E6C-9DA7-E549D6F2295F}.Debug|x64.ActiveCfg = Debug|x64
		{4976A08A-4CD9-4E6C-9DA7-E549D6F2295F}.Debug|x64.Build.0 = Debug|x64
		{4976A08A-4CD9-4E6C-9DA7-E549D6F2295F}.Debug|x86.ActiveCfg = Debug|Win32
		{4976A08A-4CD9-4E6C-9DA7-E549D6F2295F}.Debug|x86.Build.0 = Debug|Win32
		{4976A08A-4CD9-4E6C-9DA7-E549D6F2295F}.Release|x64.ActiveCfg = Release|x64
		{4976A08A-4CD9-4E6C-9DA7-E549D6F2295F}.Release|x64.Build.0 = Release|x64
		{4976A08A-4CD9-4E6C-9DA7-E549D6F2295F}.Release|x86.ActiveCfg = Release|Win32
		{4976A08A-4CD9-4E6C-9DA7-E549D6F2295F}.Release|x86.Build.0 = Release|Win32
		{7D54169C-9751-4157-9B9F-33FCF6C7B496}.Debug|x64.ActiveCfg = Debug|x64
		{7D54169C-9751-4157-9B9F-33FCF6C7B496}.Debug|x64.Build.0 = Debug|x64
		{7D54169C-9751-4157-9B9F-33FCF6C7B496}.Debug|x86.ActiveCfg = Debug|Win32
		{7D54169C-9751-4157-9B9F-33FCF6C7B496}.Debug|x86.Build.0 = Debug|Win32
		{7D54169C-9751-4157-9B9F-33FCF6C7B496}.Release|x64.ActiveCfg = Release|x64
		{7D54169C-9751-4157-9B9F-33FCF6C7B496}.Release|x64.Build.0 = Release|x64
		{7D54169C-9751-4157-9B9F-33FCF6C7B496}.Release|x86.ActiveCfg = Release|Win32
		{7D54169C-9751-4157-9B9F-33FCF6C7B496}.Release|x86.Build.0 = Release|Win32
		{81322AD5-41D2-429D-B8A7-BB1E1A66AFEF}.Debug|x64.ActiveCfg = Debug|x64
		{81322AD5-41D2-429D-B8A7-BB1E1A66AFEF}.Debug|x64.Build.0 = Debug|x64
		{81322AD5-41D2-429D-B8A7-BB1E1A66AFEF}.Debug|x86.ActiveCfg = Debug|Win32
		{81322AD5-41D2-429D-B8A7-BB1E1A66AFEF}.Debug|x86.Build.0 = Debug|Win32
		{81322AD5-41D2-429D-B8A7-BB1E1A66AFEF}.Release|x64.ActiveCfg = Release|x64
		{81322AD5-41D2-429D-B8A7-BB1E1A66AFEF}.Release|x64.Build.0 = Release|x64
		{81322AD5-41D2-429D-B8A7-BB1E1A66AFEF}.Release|x86.ActiveCfg = Release|Win32
		{81322AD5-41D2-429D-B8A7-BB1E1A66AFEF}.Release|x86.Build.0 = Release|Win32
		{279176CB-1DB1-40EA-AA60-1A0469E8A6D8}.Debug|x64.ActiveCfg = Debug|x64
		{279176CB-1DB1-40EA-AA60-1A0469E8A6D8}.Debug|x64.Build.0 = Debug|x64
		{279176CB-1DB1-40EA-AA60-1A0469E8A6D8}.Debug|x86.ActiveCfg = Debug|Win32
		{279176CB-1DB1-40EA-AA60-1A0469E8A6D8}.Debug|x86.Build.0 = Debug|Win32
		{279176CB-1DB1-40EA-AA60-1A0469E8A6D8}.Release|x64.ActiveCfg = Release|x64
		{279176CB-1DB1-40EA-AA60-1A0469E8A6D8}.Release|x64.Build.0 = Release|x64
		{279176CB-1DB1-40EA-AA60-1A0469E8A6D8}.Release|x86.ActiveCfg = Release|Win32
		{279176CB-1DB1-40EA-AA60-1A0469E8A6D8}.Release|x86.Build.0 = Release|Win32
		{513B0EBC-4A6B-455F-B190-7864F3092778}.Debug|x64.ActiveCfg = Debug|x64
		{513B0EBC-4A6B-455F-B190-7864F3092778}.Debug|x64.Build.0 = Debug|x64
		{513B0EBC-4A6B-455F-B190-7864F3092778}.Debug|x86.ActiveCfg = Debug|Win32
		{513B0EBC-4A6B-455F-B190-7864F3092778}.Debug|x86.Build.0 = Debug|Win32
		{513B0EBC-4A6B-455F-B190-7864F3092778}.Release|x64.ActiveCfg = Release|x64
		{513B0EBC-4A6B-455F-B190-7864F3092778}.Release|x64.Build.0 = Release|x64
		{513B0EBC-4A6B-455F-B190-7864F3092778}.Release|x86.ActiveCfg = Release|Win32
		{513B0EBC-4A6B-455F-B190-7864F3092778}.Release|x86.Build.0 = Release|Win32
		{E3BF3073-8DA5-4D8A-954B-9CE0BFC04A16}.Debug|x64.ActiveCfg = Debug|x64
		{E3BF3073-8DA5-4D8A-954B-9CE0BFC04A16}.Debug|x64.Build.0 = Debug|x64
		{E3BF3073-8DA5-4D8A-954B-9CE0BFC04A16}.Debug|x86.ActiveCfg = Debug|Win32
		{E3BF3073-8DA5-4D8A-954B-9CE0BFC04A16}.Debug|x86.Build.0 = Debug|Win32
		{E3BF3073-8DA5-4D8A-954B-9CE0BFC04A16}.Release|x64.ActiveCfg = Release|x64
		{E3BF3073-8DA5-4D8A-954B-9CE0BFC04A16}.Release|x64.Build.0 = Release|x64
		{E3BF3073-8DA5-4D8A-954B-9CE0BFC04A16}.Release|x86.ActiveCfg = Release|Win32
		{E3BF3073-8DA5-4D8A-954B-9CE0BFC04A16}.Release|x86.Build.0 = Release|Win32
		{EA1C6536-053D-4947-89AD-CE4FCE4671C2}.Debug|x64.ActiveCfg = Debug|x64
		{EA1C6536-053D-4947-89AD-CE4FCE4671C2}.Debug|x64.Build.0 = Debug|x64
		{EA1C6536-053D-4947-89AD-CE4FCE4671C2}.Debug|x86.ActiveCfg = Debug|Win32
		{EA1C6536-053D-4947-89AD-CE4FCE4671C2}.Debug|x86.Build.0 = Debug|Win32
		{EA1C6536-053D-4947-89AD-CE4FCE4671C2}.Release|x64.ActiveCfg = Release|x64
		{EA1C6536-053D-4947-89AD-CE4FCE4671C2}.Release|x64.Build.0 = Release|x64
		{EA1C6536-053D-4947-89AD-CE4FCE4671C2}.Release|x86.ActiveCfg = Release|Win32
		{EA1C6536-053D-4947-89AD-CE4FCE4671C2}.Release|x86.Build.0 = Release|Win32
		{D8B24569-074B-41E2-9F23-094D2CC61FA4}.Debug|x64.ActiveCfg = Debug|x64
		{D8B24569-074B-41E2-9F23-094D2CC61FA4}.Debug|x64.Build.0 = Debug|x64
		{D8B24569-074B-41E2-9F23-094D2CC61FA4}.Debug|x86.ActiveCfg = Debug|Win32
		{D8B24569-074B-41E2-9F23-094D2CC61FA4}.Debug|x86.Build.0 = Debug|Win32
		{D8B24569-074B-41E2-9F23-094D2CC61FA4}.Release|x64.ActiveCfg = Release|x64
		{D8B24569-074B-41E2-9F23-094D2CC61FA4}.Release|x64.Build.0 = Release|x64
		{D8B24569-074B-41E2-9F23-094D2CC61FA4}.Release|x86.ActiveCfg = Release|Win32
		{D8B24569-074B-41E2-9F23-094D2CC61FA4}.Release|x86.Build.0 = Release|Win32
		{EABBDAC6-970E-403E-A7C9-ECC410B2A040}.Debug|x64.ActiveCfg = Debug|x64
		{EABBDAC6-970E-403E-A7C9-ECC410B2A040}.Debug|x64.Build.0 = Debug|x64
		{EABBDAC6-970E-403E-A7C9-ECC410B2A040}.Debug|x86.ActiveCfg = Debug|Win32
		{EABBDAC6-970E-403E-A7C9-ECC410B2A040}.Debug|x86.Build.0 = Debug|Win32
		{EABBDAC6-970E-403E-A7C9-ECC410B2A040}.Release|x64.ActiveCfg = Release|x64
		{EABBDAC6-970E-403E-A7C9-ECC410B2A040}.Release|x64.Build.0 = Release|x64
		{EABBDAC6-970E-403E-A7C9-ECC410B2A040}.Release|x86.ActiveCfg = Release|Win32
		{EABBDAC6-970E-403E-A7C9-ECC410B2A040}.Release|x86.Build.0 = Release|Win32
		{F3F87D0D-69B7-4187-95B0-BFC0DD83E311}.Debug|x64.ActiveCfg = Debug|x64
		{F3F87D0D-69B7-4187-95B0-BFC0DD83E311}.Debug|x64.Build.0 = Debug|x64
		{F3F87D0D-69B7-4187-95B0-BFC0DD83E311}.Debug|x86.ActiveCfg = Debug|Win32
		{F3F87D0D-69B7-4187-95B0-BFC0DD83E311}.Debug|x86.Build.0 = Debug|Win32
		{F3F87D0D-69B7-4187-95B0-BFC0DD83E311}.Release|x64.ActiveCfg = Release|x64
		{F3F87D0D-69B7-4187-95B0-BFC0DD83E311}.Release|x64.Build.0 = Release|x64
		{F3F87D0D-69B7-4187-95B0-BFC0DD83E311}.Release|x86.ActiveCfg = Release|Win32
		{F3F87D0D-69B7-4187-95B0-BFC0DD83E311}.Release|x86.Build.0 = Release|Win32
	EndGlobalSection
	GlobalSection(SolutionProperties) = preSolution
		HideSolutionNode = FALSE
	EndGlobalSection
	GlobalSection(NestedProjects) = preSolution
		{57AE618B-7B0E-4F51-B623-D1B5B90D11C9} = {D0A3E049-D71B-4C7E-BE9B-065830246EC0}
		{4976A08A-4CD9-4E6C-9DA7-E549D6F2295F} = {D0A3E049-D71B-4C7E-BE9B-065830246EC0}
		{7D54169C-9751-4157-9B9F-33FCF6C7B496} = {D0A3E049-D71B-4C7E-BE9B-065830246EC0}
		{81322AD5-41D2-429D-B8A7-BB1E1A66AFEF} = {D0A3E049-D71B-4C7E-BE9B-065830246EC0}
		{279176CB-1DB1-40EA-AA60-1A0469E8A6D8} = {47627E0A-97AB-443C-858F-58FE0484F0D6}
		{513B0EBC-4A6B-455F-B190-7864F3092778} = {47627E0A-97AB-443C-858F-58FE0484F0D6}
		{E3BF3073-8DA5-4D8A-954B-9CE0BFC04A16} = {47627E0A-97AB-443C-858F-58FE0484F0D6}
		{EA1C6536-053D-4947-89AD-CE4FCE4671C2} = {47627E0A-97AB-443C-858F-58FE0484F0D6}
		{D8B24569-074B-41E2-9F23-094D2CC61FA4} = {47627E0A-97AB-443C-858F-58FE0484F0D6}
		{EABBDAC6-970E-403E-A7C9-ECC410B2A040} = {47627E0A-97AB-443C-858F-58FE0484F0D6}
		{F3F87D0D-69B7-4187-95B0-BFC0DD83E311} = {47627E0A-97AB-443C-858F-58FE0484F0D6}
	EndGlobalSection
	GlobalSection(ExtensibilityGlobals) = postSolution
		SolutionGuid = {9E65BE6F-B921-4190-995D-5E5CA6AA77DB}
	EndGlobalSection
EndGlobal
