
Microsoft Visual Studio Solution File, Format Version 12.00
# Visual Studio Version 16
VisualStudioVersion = 16.0.30605.207
MinimumVisualStudioVersion = 10.0.40219.1
Project("{2150E333-8FDC-42A3-9474-1A3956D46DE8}") = "build", "build", "{F488DCA8-9930-4BA0-AF73-7D0F58568107}"
	ProjectSection(SolutionItems) = preProject
		build\cpp.props = build\cpp.props
		build\cpp.targets = build\cpp.targets
		build\cpp.xml = build\cpp.xml
	EndProjectSection
EndProject
Project("{8BC9CEB8-8B4A-11D0-8D11-00A0C91BC942}") = "ff.vendor.directxtex", "vendor\directxtex.vcxproj", "{5F0B3FD1-44D5-4524-8F61-E22098986A43}"
EndProject
Project("{8BC9CEB8-8B4A-11D0-8D11-00A0C91BC942}") = "ff.vendor.libpng", "vendor\libpng.vcxproj", "{7023AADB-413D-4C4E-B8A7-481484C943BA}"
EndProject
Project("{8BC9CEB8-8B4A-11D0-8D11-00A0C91BC942}") = "ff.vendor.noesis_interactivity", "vendor\noesis_interactivity.vcxproj", "{31F28E6F-10BC-4A6D-B992-01FD42EDB7DE}"
EndProject
Project("{8BC9CEB8-8B4A-11D0-8D11-00A0C91BC942}") = "ff.vendor.zlib", "vendor\zlib.vcxproj", "{D9B0464D-0E8C-48F0-98C8-FBD8BEF12BDC}"
EndProject
Project("{2150E333-8FDC-42A3-9474-1A3956D46DE8}") = "vendor", "vendor", "{52A574D0-F4AE-4047-8541-6A966540969A}"
EndProject
Project("{8BC9CEB8-8B4A-11D0-8D11-00A0C91BC942}") = "ff.ui", "projects\ui\ui.vcxproj", "{8147A742-08AC-49FD-8C51-3956E1A65E16}"
EndProject
Project("{2150E333-8FDC-42A3-9474-1A3956D46DE8}") = "source", "source", "{E6221A0E-B343-4514-99B8-746425C6D617}"
EndProject
Project("{2150E333-8FDC-42A3-9474-1A3956D46DE8}") = "test", "test", "{6C0FBA16-C7F0-403D-90A2-D12F9AC0196F}"
EndProject
Project("{8BC9CEB8-8B4A-11D0-8D11-00A0C91BC942}") = "ff.test.unit", "test\unit\unit.vcxproj", "{3CDC3451-F711-4EC0-96EA-1767804B2DF0}"
EndProject
Project("{8BC9CEB8-8B4A-11D0-8D11-00A0C91BC942}") = "ff.application", "projects\application\application.vcxproj", "{376073E9-EA4D-4513-941C-906CA968C6C3}"
EndProject
Project("{8BC9CEB8-8B4A-11D0-8D11-00A0C91BC942}") = "ff.audio", "projects\audio\audio.vcxproj", "{7B04EB5D-8AC9-47CC-80CB-5192CB41057A}"
EndProject
Project("{8BC9CEB8-8B4A-11D0-8D11-00A0C91BC942}") = "ff.base", "projects\base\base.vcxproj", "{DFDBD2C1-61CB-4606-8E52-85B65C9AAEF2}"
EndProject
Project("{8BC9CEB8-8B4A-11D0-8D11-00A0C91BC942}") = "ff.data", "projects\data\data.vcxproj", "{76418CAD-574E-4D62-81BD-41321411FD63}"
EndProject
Project("{8BC9CEB8-8B4A-11D0-8D11-00A0C91BC942}") = "ff.graphics", "projects\graphics\graphics.vcxproj", "{2464CDE6-763F-48FC-A587-4BB84B4B5D64}"
EndProject
Project("{8BC9CEB8-8B4A-11D0-8D11-00A0C91BC942}") = "ff.input", "projects\input\input.vcxproj", "{475230FD-C110-4B27-9C6A-8EF1C11B5A2E}"
EndProject
Project("{8BC9CEB8-8B4A-11D0-8D11-00A0C91BC942}") = "ff.os", "projects\os\os.vcxproj", "{68D9F62B-88DF-4A07-859F-CB72062FBF9F}"
EndProject
Project("{8BC9CEB8-8B4A-11D0-8D11-00A0C91BC942}") = "ff.resource", "projects\resource\resource.vcxproj", "{E76FC2CF-8E4B-4FEA-A89F-97AE4C639A5F}"
EndProject
Project("{8BC9CEB8-8B4A-11D0-8D11-00A0C91BC942}") = "ff.thread", "projects\thread\thread.vcxproj", "{4E0AEE4E-7CA0-44B2-9BE4-B11EBC4E4386}"
EndProject
Project("{2150E333-8FDC-42A3-9474-1A3956D46DE8}") = "config", "config", "{D8BAD08B-F4F2-48A1-959C-6E14BCDA76EF}"
	ProjectSection(SolutionItems) = preProject
		.editorconfig = .editorconfig
		.gitignore = .gitignore
		.gitmodules = .gitmodules
		Doxyfile = Doxyfile
		LICENSE = LICENSE
		README.md = README.md
	EndProjectSection
EndProject
Global
	GlobalSection(SolutionConfigurationPlatforms) = preSolution
		Debug|x64 = Debug|x64
		Debug|x86 = Debug|x86
		Release|x64 = Release|x64
		Release|x86 = Release|x86
	EndGlobalSection
	GlobalSection(ProjectConfigurationPlatforms) = postSolution
		{5F0B3FD1-44D5-4524-8F61-E22098986A43}.Debug|x64.ActiveCfg = Debug|x64
		{5F0B3FD1-44D5-4524-8F61-E22098986A43}.Debug|x64.Build.0 = Debug|x64
		{5F0B3FD1-44D5-4524-8F61-E22098986A43}.Debug|x86.ActiveCfg = Debug|Win32
		{5F0B3FD1-44D5-4524-8F61-E22098986A43}.Debug|x86.Build.0 = Debug|Win32
		{5F0B3FD1-44D5-4524-8F61-E22098986A43}.Release|x64.ActiveCfg = Release|x64
		{5F0B3FD1-44D5-4524-8F61-E22098986A43}.Release|x64.Build.0 = Release|x64
		{5F0B3FD1-44D5-4524-8F61-E22098986A43}.Release|x86.ActiveCfg = Release|Win32
		{5F0B3FD1-44D5-4524-8F61-E22098986A43}.Release|x86.Build.0 = Release|Win32
		{7023AADB-413D-4C4E-B8A7-481484C943BA}.Debug|x64.ActiveCfg = Debug|x64
		{7023AADB-413D-4C4E-B8A7-481484C943BA}.Debug|x64.Build.0 = Debug|x64
		{7023AADB-413D-4C4E-B8A7-481484C943BA}.Debug|x86.ActiveCfg = Debug|Win32
		{7023AADB-413D-4C4E-B8A7-481484C943BA}.Debug|x86.Build.0 = Debug|Win32
		{7023AADB-413D-4C4E-B8A7-481484C943BA}.Release|x64.ActiveCfg = Release|x64
		{7023AADB-413D-4C4E-B8A7-481484C943BA}.Release|x64.Build.0 = Release|x64
		{7023AADB-413D-4C4E-B8A7-481484C943BA}.Release|x86.ActiveCfg = Release|Win32
		{7023AADB-413D-4C4E-B8A7-481484C943BA}.Release|x86.Build.0 = Release|Win32
		{31F28E6F-10BC-4A6D-B992-01FD42EDB7DE}.Debug|x64.ActiveCfg = Debug|x64
		{31F28E6F-10BC-4A6D-B992-01FD42EDB7DE}.Debug|x64.Build.0 = Debug|x64
		{31F28E6F-10BC-4A6D-B992-01FD42EDB7DE}.Debug|x86.ActiveCfg = Debug|Win32
		{31F28E6F-10BC-4A6D-B992-01FD42EDB7DE}.Debug|x86.Build.0 = Debug|Win32
		{31F28E6F-10BC-4A6D-B992-01FD42EDB7DE}.Release|x64.ActiveCfg = Release|x64
		{31F28E6F-10BC-4A6D-B992-01FD42EDB7DE}.Release|x64.Build.0 = Release|x64
		{31F28E6F-10BC-4A6D-B992-01FD42EDB7DE}.Release|x86.ActiveCfg = Release|Win32
		{31F28E6F-10BC-4A6D-B992-01FD42EDB7DE}.Release|x86.Build.0 = Release|Win32
		{D9B0464D-0E8C-48F0-98C8-FBD8BEF12BDC}.Debug|x64.ActiveCfg = Debug|x64
		{D9B0464D-0E8C-48F0-98C8-FBD8BEF12BDC}.Debug|x64.Build.0 = Debug|x64
		{D9B0464D-0E8C-48F0-98C8-FBD8BEF12BDC}.Debug|x86.ActiveCfg = Debug|Win32
		{D9B0464D-0E8C-48F0-98C8-FBD8BEF12BDC}.Debug|x86.Build.0 = Debug|Win32
		{D9B0464D-0E8C-48F0-98C8-FBD8BEF12BDC}.Release|x64.ActiveCfg = Release|x64
		{D9B0464D-0E8C-48F0-98C8-FBD8BEF12BDC}.Release|x64.Build.0 = Release|x64
		{D9B0464D-0E8C-48F0-98C8-FBD8BEF12BDC}.Release|x86.ActiveCfg = Release|Win32
		{D9B0464D-0E8C-48F0-98C8-FBD8BEF12BDC}.Release|x86.Build.0 = Release|Win32
		{8147A742-08AC-49FD-8C51-3956E1A65E16}.Debug|x64.ActiveCfg = Debug|x64
		{8147A742-08AC-49FD-8C51-3956E1A65E16}.Debug|x64.Build.0 = Debug|x64
		{8147A742-08AC-49FD-8C51-3956E1A65E16}.Debug|x86.ActiveCfg = Debug|Win32
		{8147A742-08AC-49FD-8C51-3956E1A65E16}.Debug|x86.Build.0 = Debug|Win32
		{8147A742-08AC-49FD-8C51-3956E1A65E16}.Release|x64.ActiveCfg = Release|x64
		{8147A742-08AC-49FD-8C51-3956E1A65E16}.Release|x64.Build.0 = Release|x64
		{8147A742-08AC-49FD-8C51-3956E1A65E16}.Release|x86.ActiveCfg = Release|Win32
		{8147A742-08AC-49FD-8C51-3956E1A65E16}.Release|x86.Build.0 = Release|Win32
		{3CDC3451-F711-4EC0-96EA-1767804B2DF0}.Debug|x64.ActiveCfg = Debug|x64
		{3CDC3451-F711-4EC0-96EA-1767804B2DF0}.Debug|x64.Build.0 = Debug|x64
		{3CDC3451-F711-4EC0-96EA-1767804B2DF0}.Debug|x86.ActiveCfg = Debug|Win32
		{3CDC3451-F711-4EC0-96EA-1767804B2DF0}.Debug|x86.Build.0 = Debug|Win32
		{3CDC3451-F711-4EC0-96EA-1767804B2DF0}.Release|x64.ActiveCfg = Release|x64
		{3CDC3451-F711-4EC0-96EA-1767804B2DF0}.Release|x64.Build.0 = Release|x64
		{3CDC3451-F711-4EC0-96EA-1767804B2DF0}.Release|x86.ActiveCfg = Release|Win32
		{3CDC3451-F711-4EC0-96EA-1767804B2DF0}.Release|x86.Build.0 = Release|Win32
		{376073E9-EA4D-4513-941C-906CA968C6C3}.Debug|x64.ActiveCfg = Debug|x64
		{376073E9-EA4D-4513-941C-906CA968C6C3}.Debug|x64.Build.0 = Debug|x64
		{376073E9-EA4D-4513-941C-906CA968C6C3}.Debug|x86.ActiveCfg = Debug|Win32
		{376073E9-EA4D-4513-941C-906CA968C6C3}.Debug|x86.Build.0 = Debug|Win32
		{376073E9-EA4D-4513-941C-906CA968C6C3}.Release|x64.ActiveCfg = Release|x64
		{376073E9-EA4D-4513-941C-906CA968C6C3}.Release|x64.Build.0 = Release|x64
		{376073E9-EA4D-4513-941C-906CA968C6C3}.Release|x86.ActiveCfg = Release|Win32
		{376073E9-EA4D-4513-941C-906CA968C6C3}.Release|x86.Build.0 = Release|Win32
		{7B04EB5D-8AC9-47CC-80CB-5192CB41057A}.Debug|x64.ActiveCfg = Debug|x64
		{7B04EB5D-8AC9-47CC-80CB-5192CB41057A}.Debug|x64.Build.0 = Debug|x64
		{7B04EB5D-8AC9-47CC-80CB-5192CB41057A}.Debug|x86.ActiveCfg = Debug|Win32
		{7B04EB5D-8AC9-47CC-80CB-5192CB41057A}.Debug|x86.Build.0 = Debug|Win32
		{7B04EB5D-8AC9-47CC-80CB-5192CB41057A}.Release|x64.ActiveCfg = Release|x64
		{7B04EB5D-8AC9-47CC-80CB-5192CB41057A}.Release|x64.Build.0 = Release|x64
		{7B04EB5D-8AC9-47CC-80CB-5192CB41057A}.Release|x86.ActiveCfg = Release|Win32
		{7B04EB5D-8AC9-47CC-80CB-5192CB41057A}.Release|x86.Build.0 = Release|Win32
		{DFDBD2C1-61CB-4606-8E52-85B65C9AAEF2}.Debug|x64.ActiveCfg = Debug|x64
		{DFDBD2C1-61CB-4606-8E52-85B65C9AAEF2}.Debug|x64.Build.0 = Debug|x64
		{DFDBD2C1-61CB-4606-8E52-85B65C9AAEF2}.Debug|x86.ActiveCfg = Debug|Win32
		{DFDBD2C1-61CB-4606-8E52-85B65C9AAEF2}.Debug|x86.Build.0 = Debug|Win32
		{DFDBD2C1-61CB-4606-8E52-85B65C9AAEF2}.Release|x64.ActiveCfg = Release|x64
		{DFDBD2C1-61CB-4606-8E52-85B65C9AAEF2}.Release|x64.Build.0 = Release|x64
		{DFDBD2C1-61CB-4606-8E52-85B65C9AAEF2}.Release|x86.ActiveCfg = Release|Win32
		{DFDBD2C1-61CB-4606-8E52-85B65C9AAEF2}.Release|x86.Build.0 = Release|Win32
		{76418CAD-574E-4D62-81BD-41321411FD63}.Debug|x64.ActiveCfg = Debug|x64
		{76418CAD-574E-4D62-81BD-41321411FD63}.Debug|x64.Build.0 = Debug|x64
		{76418CAD-574E-4D62-81BD-41321411FD63}.Debug|x86.ActiveCfg = Debug|Win32
		{76418CAD-574E-4D62-81BD-41321411FD63}.Debug|x86.Build.0 = Debug|Win32
		{76418CAD-574E-4D62-81BD-41321411FD63}.Release|x64.ActiveCfg = Release|x64
		{76418CAD-574E-4D62-81BD-41321411FD63}.Release|x64.Build.0 = Release|x64
		{76418CAD-574E-4D62-81BD-41321411FD63}.Release|x86.ActiveCfg = Release|Win32
		{76418CAD-574E-4D62-81BD-41321411FD63}.Release|x86.Build.0 = Release|Win32
		{2464CDE6-763F-48FC-A587-4BB84B4B5D64}.Debug|x64.ActiveCfg = Debug|x64
		{2464CDE6-763F-48FC-A587-4BB84B4B5D64}.Debug|x64.Build.0 = Debug|x64
		{2464CDE6-763F-48FC-A587-4BB84B4B5D64}.Debug|x86.ActiveCfg = Debug|Win32
		{2464CDE6-763F-48FC-A587-4BB84B4B5D64}.Debug|x86.Build.0 = Debug|Win32
		{2464CDE6-763F-48FC-A587-4BB84B4B5D64}.Release|x64.ActiveCfg = Release|x64
		{2464CDE6-763F-48FC-A587-4BB84B4B5D64}.Release|x64.Build.0 = Release|x64
		{2464CDE6-763F-48FC-A587-4BB84B4B5D64}.Release|x86.ActiveCfg = Release|Win32
		{2464CDE6-763F-48FC-A587-4BB84B4B5D64}.Release|x86.Build.0 = Release|Win32
		{475230FD-C110-4B27-9C6A-8EF1C11B5A2E}.Debug|x64.ActiveCfg = Debug|x64
		{475230FD-C110-4B27-9C6A-8EF1C11B5A2E}.Debug|x64.Build.0 = Debug|x64
		{475230FD-C110-4B27-9C6A-8EF1C11B5A2E}.Debug|x86.ActiveCfg = Debug|Win32
		{475230FD-C110-4B27-9C6A-8EF1C11B5A2E}.Debug|x86.Build.0 = Debug|Win32
		{475230FD-C110-4B27-9C6A-8EF1C11B5A2E}.Release|x64.ActiveCfg = Release|x64
		{475230FD-C110-4B27-9C6A-8EF1C11B5A2E}.Release|x64.Build.0 = Release|x64
		{475230FD-C110-4B27-9C6A-8EF1C11B5A2E}.Release|x86.ActiveCfg = Release|Win32
		{475230FD-C110-4B27-9C6A-8EF1C11B5A2E}.Release|x86.Build.0 = Release|Win32
		{68D9F62B-88DF-4A07-859F-CB72062FBF9F}.Debug|x64.ActiveCfg = Debug|x64
		{68D9F62B-88DF-4A07-859F-CB72062FBF9F}.Debug|x64.Build.0 = Debug|x64
		{68D9F62B-88DF-4A07-859F-CB72062FBF9F}.Debug|x86.ActiveCfg = Debug|Win32
		{68D9F62B-88DF-4A07-859F-CB72062FBF9F}.Debug|x86.Build.0 = Debug|Win32
		{68D9F62B-88DF-4A07-859F-CB72062FBF9F}.Release|x64.ActiveCfg = Release|x64
		{68D9F62B-88DF-4A07-859F-CB72062FBF9F}.Release|x64.Build.0 = Release|x64
		{68D9F62B-88DF-4A07-859F-CB72062FBF9F}.Release|x86.ActiveCfg = Release|Win32
		{68D9F62B-88DF-4A07-859F-CB72062FBF9F}.Release|x86.Build.0 = Release|Win32
		{E76FC2CF-8E4B-4FEA-A89F-97AE4C639A5F}.Debug|x64.ActiveCfg = Debug|x64
		{E76FC2CF-8E4B-4FEA-A89F-97AE4C639A5F}.Debug|x64.Build.0 = Debug|x64
		{E76FC2CF-8E4B-4FEA-A89F-97AE4C639A5F}.Debug|x86.ActiveCfg = Debug|Win32
		{E76FC2CF-8E4B-4FEA-A89F-97AE4C639A5F}.Debug|x86.Build.0 = Debug|Win32
		{E76FC2CF-8E4B-4FEA-A89F-97AE4C639A5F}.Release|x64.ActiveCfg = Release|x64
		{E76FC2CF-8E4B-4FEA-A89F-97AE4C639A5F}.Release|x64.Build.0 = Release|x64
		{E76FC2CF-8E4B-4FEA-A89F-97AE4C639A5F}.Release|x86.ActiveCfg = Release|Win32
		{E76FC2CF-8E4B-4FEA-A89F-97AE4C639A5F}.Release|x86.Build.0 = Release|Win32
		{4E0AEE4E-7CA0-44B2-9BE4-B11EBC4E4386}.Debug|x64.ActiveCfg = Debug|x64
		{4E0AEE4E-7CA0-44B2-9BE4-B11EBC4E4386}.Debug|x64.Build.0 = Debug|x64
		{4E0AEE4E-7CA0-44B2-9BE4-B11EBC4E4386}.Debug|x86.ActiveCfg = Debug|Win32
		{4E0AEE4E-7CA0-44B2-9BE4-B11EBC4E4386}.Debug|x86.Build.0 = Debug|Win32
		{4E0AEE4E-7CA0-44B2-9BE4-B11EBC4E4386}.Release|x64.ActiveCfg = Release|x64
		{4E0AEE4E-7CA0-44B2-9BE4-B11EBC4E4386}.Release|x64.Build.0 = Release|x64
		{4E0AEE4E-7CA0-44B2-9BE4-B11EBC4E4386}.Release|x86.ActiveCfg = Release|Win32
		{4E0AEE4E-7CA0-44B2-9BE4-B11EBC4E4386}.Release|x86.Build.0 = Release|Win32
	EndGlobalSection
	GlobalSection(SolutionProperties) = preSolution
		HideSolutionNode = FALSE
	EndGlobalSection
	GlobalSection(NestedProjects) = preSolution
		{5F0B3FD1-44D5-4524-8F61-E22098986A43} = {52A574D0-F4AE-4047-8541-6A966540969A}
		{7023AADB-413D-4C4E-B8A7-481484C943BA} = {52A574D0-F4AE-4047-8541-6A966540969A}
		{31F28E6F-10BC-4A6D-B992-01FD42EDB7DE} = {52A574D0-F4AE-4047-8541-6A966540969A}
		{D9B0464D-0E8C-48F0-98C8-FBD8BEF12BDC} = {52A574D0-F4AE-4047-8541-6A966540969A}
		{8147A742-08AC-49FD-8C51-3956E1A65E16} = {E6221A0E-B343-4514-99B8-746425C6D617}
		{3CDC3451-F711-4EC0-96EA-1767804B2DF0} = {6C0FBA16-C7F0-403D-90A2-D12F9AC0196F}
		{376073E9-EA4D-4513-941C-906CA968C6C3} = {E6221A0E-B343-4514-99B8-746425C6D617}
		{7B04EB5D-8AC9-47CC-80CB-5192CB41057A} = {E6221A0E-B343-4514-99B8-746425C6D617}
		{DFDBD2C1-61CB-4606-8E52-85B65C9AAEF2} = {E6221A0E-B343-4514-99B8-746425C6D617}
		{76418CAD-574E-4D62-81BD-41321411FD63} = {E6221A0E-B343-4514-99B8-746425C6D617}
		{2464CDE6-763F-48FC-A587-4BB84B4B5D64} = {E6221A0E-B343-4514-99B8-746425C6D617}
		{475230FD-C110-4B27-9C6A-8EF1C11B5A2E} = {E6221A0E-B343-4514-99B8-746425C6D617}
		{68D9F62B-88DF-4A07-859F-CB72062FBF9F} = {E6221A0E-B343-4514-99B8-746425C6D617}
		{E76FC2CF-8E4B-4FEA-A89F-97AE4C639A5F} = {E6221A0E-B343-4514-99B8-746425C6D617}
		{4E0AEE4E-7CA0-44B2-9BE4-B11EBC4E4386} = {E6221A0E-B343-4514-99B8-746425C6D617}
	EndGlobalSection
	GlobalSection(ExtensibilityGlobals) = postSolution
		SolutionGuid = {9E65BE6F-B921-4190-995D-5E5CA6AA77DB}
	EndGlobalSection
EndGlobal
