<?xml version="1.0" encoding="utf-8"?>
<Project ToolsVersion="4.0" xmlns="http://schemas.microsoft.com/developer/msbuild/2003">
  <ItemGroup>
    <ClCompile Include="pch.cpp" />
    <ClCompile Include="source\main.cpp">
      <Filter>source</Filter>
    </ClCompile>
    <ClCompile Include="source\assets\xaml.res.cpp">
      <Filter>source\assets</Filter>
    </ClCompile>
    <ClCompile Include="source\states\main_state.cpp">
      <Filter>source\states</Filter>
    </ClCompile>
    <ClCompile Include="source\ui\main_window.xaml.cpp">
      <Filter>source\ui</Filter>
    </ClCompile>
    <ClCompile Include="source\models\main_vm.cpp">
      <Filter>source\models</Filter>
    </ClCompile>
    <ClCompile Include="source\models\project_vm.cpp">
      <Filter>source\models</Filter>
    </ClCompile>
    <ClCompile Include="source\models\source_vm.cpp">
      <Filter>source\models</Filter>
    </ClCompile>
    <ClCompile Include="source\models\plugin_vm.cpp">
      <Filter>source\models</Filter>
    </ClCompile>
    <ClCompile Include="source\ui\window_base.cpp">
      <Filter>source\ui</Filter>
    </ClCompile>
    <ClCompile Include="source\ui\shell.xaml.cpp">
      <Filter>source\ui</Filter>
    </ClCompile>
    <ClCompile Include="source\ui\save_project_dialog.xaml.cpp">
      <Filter>source\ui</Filter>
    </ClCompile>
    <ClCompile Include="source\ui\dialog_content_base.cpp">
      <Filter>source\ui</Filter>
    </ClCompile>
    <ClCompile Include="source\ui\properties.cpp">
      <Filter>source\ui</Filter>
    </ClCompile>
    <ClCompile Include="source\models\file_vm.cpp">
      <Filter>source\models</Filter>
    </ClCompile>
  </ItemGroup>
  <ItemGroup>
    <ClInclude Include="pch.h" />
    <ClInclude Include="source\states\main_state.h">
      <Filter>source\states</Filter>
    </ClInclude>
    <ClInclude Include="source\ui\main_window.xaml.h">
      <Filter>source\ui</Filter>
    </ClInclude>
    <ClInclude Include="source\models\main_vm.h">
      <Filter>source\models</Filter>
    </ClInclude>
    <ClInclude Include="source\models\project_vm.h">
      <Filter>source\models</Filter>
    </ClInclude>
    <ClInclude Include="source\models\source_vm.h">
      <Filter>source\models</Filter>
    </ClInclude>
    <ClInclude Include="source\models\plugin_vm.h">
      <Filter>source\models</Filter>
    </ClInclude>
    <ClInclude Include="source\ui\window_base.h">
      <Filter>source\ui</Filter>
    </ClInclude>
    <ClInclude Include="source\ui\shell.xaml.h">
      <Filter>source\ui</Filter>
    </ClInclude>
    <ClInclude Include="source\ui\save_project_dialog.xaml.h">
      <Filter>source\ui</Filter>
    </ClInclude>
    <ClInclude Include="source\ui\dialog_content_base.h">
      <Filter>source\ui</Filter>
    </ClInclude>
    <ClInclude Include="source\ui\properties.h">
      <Filter>source\ui</Filter>
    </ClInclude>
    <ClInclude Include="source\models\file_vm.h">
      <Filter>source\models</Filter>
    </ClInclude>
  </ItemGroup>
  <ItemGroup>
    <Filter Include="source">
      <UniqueIdentifier>{f7f96725-97f7-4a38-9c9a-2f833f5e7ed6}</UniqueIdentifier>
    </Filter>
    <Filter Include="assets">
      <UniqueIdentifier>{97b52f41-16aa-487e-9a31-8b2c4cddb8e4}</UniqueIdentifier>
    </Filter>
    <Filter Include="source\assets">
      <UniqueIdentifier>{83975541-9861-4e51-bc86-97d8d51a93ea}</UniqueIdentifier>
    </Filter>
    <Filter Include="source\states">
      <UniqueIdentifier>{42ff5e59-34e8-488a-9a26-f4709c642ae6}</UniqueIdentifier>
    </Filter>
    <Filter Include="source\ui">
      <UniqueIdentifier>{0e1c12e7-0f1c-4dd5-8968-0b00fd8d0b51}</UniqueIdentifier>
    </Filter>
    <Filter Include="source\models">
      <UniqueIdentifier>{5fbc9740-7e06-4223-8136-81e0ec4b95d0}</UniqueIdentifier>
    </Filter>
  </ItemGroup>
  <ItemGroup>
    <Manifest Include="app.manifest" />
  </ItemGroup>
  <ItemGroup>
    <ResourceCompile Include="source\resource.rc">
      <Filter>source</Filter>
    </ResourceCompile>
  </ItemGroup>
  <ItemGroup>
    <ResJson Include="assets\xaml.res.json">
      <Filter>assets</Filter>
    </ResJson>
  </ItemGroup>
  <ItemGroup>
    <Image Include="assets\main.ico">
      <Filter>assets</Filter>
    </Image>
  </ItemGroup>
</Project>