<?xml version="1.0" encoding="utf-8"?>
<Project ToolsVersion="4.0" xmlns="http://schemas.microsoft.com/developer/msbuild/2003">
  <ItemGroup>
    <ClCompile Include="pch.cpp" />
    <ClCompile Include="init.cpp" />
    <ClCompile Include="audio\audio.cpp">
      <Filter>audio</Filter>
    </ClCompile>
    <ClCompile Include="audio\audio_effect.cpp">
      <Filter>audio</Filter>
    </ClCompile>
    <ClCompile Include="audio\audio_effect_playing.cpp">
      <Filter>audio</Filter>
    </ClCompile>
    <ClCompile Include="audio\destroy_voice.cpp">
      <Filter>audio</Filter>
    </ClCompile>
    <ClCompile Include="audio\music.cpp">
      <Filter>audio</Filter>
    </ClCompile>
    <ClCompile Include="audio\music_playing.cpp">
      <Filter>audio</Filter>
    </ClCompile>
    <ClCompile Include="input\gamepad_device.cpp">
      <Filter>input</Filter>
    </ClCompile>
    <ClCompile Include="input\input.cpp">
      <Filter>input</Filter>
    </ClCompile>
    <ClCompile Include="input\input_device_event.cpp">
      <Filter>input</Filter>
    </ClCompile>
    <ClCompile Include="input\input_mapping.cpp">
      <Filter>input</Filter>
    </ClCompile>
    <ClCompile Include="input\input_vk.cpp">
      <Filter>input</Filter>
    </ClCompile>
    <ClCompile Include="input\keyboard_device.cpp">
      <Filter>input</Filter>
    </ClCompile>
    <ClCompile Include="input\pointer_device.cpp">
      <Filter>input</Filter>
    </ClCompile>
    <ClCompile Include="audio\wav_file.cpp">
      <Filter>audio</Filter>
    </ClCompile>
    <ClCompile Include="dxgi\buffer_base.cpp">
      <Filter>dxgi</Filter>
    </ClCompile>
    <ClCompile Include="dxgi\device_child_base.cpp">
      <Filter>dxgi</Filter>
    </ClCompile>
    <ClCompile Include="dxgi\draw_base.cpp">
      <Filter>dxgi</Filter>
    </ClCompile>
    <ClCompile Include="dxgi\draw_device_base.cpp">
      <Filter>dxgi</Filter>
    </ClCompile>
    <ClCompile Include="dxgi\draw_ptr.cpp">
      <Filter>dxgi</Filter>
    </ClCompile>
    <ClCompile Include="dxgi\draw_util.cpp">
      <Filter>dxgi</Filter>
    </ClCompile>
    <ClCompile Include="dxgi\format_util.cpp">
      <Filter>dxgi</Filter>
    </ClCompile>
    <ClCompile Include="dxgi\interop.cpp">
      <Filter>dxgi</Filter>
    </ClCompile>
    <ClCompile Include="dxgi\sprite_data.cpp">
      <Filter>dxgi</Filter>
    </ClCompile>
    <ClCompile Include="dx12\access.cpp">
      <Filter>dx12</Filter>
    </ClCompile>
    <ClCompile Include="dx12\buffer.cpp">
      <Filter>dx12</Filter>
    </ClCompile>
    <ClCompile Include="dx12\commands.cpp">
      <Filter>dx12</Filter>
    </ClCompile>
    <ClCompile Include="dx12\depth.cpp">
      <Filter>dx12</Filter>
    </ClCompile>
    <ClCompile Include="dx12\descriptor_allocator.cpp">
      <Filter>dx12</Filter>
    </ClCompile>
    <ClCompile Include="dx12\descriptor_range.cpp">
      <Filter>dx12</Filter>
    </ClCompile>
    <ClCompile Include="dx12\draw_device.cpp">
      <Filter>dx12</Filter>
    </ClCompile>
    <ClCompile Include="dx12\draw_device_gs.cpp">
      <Filter>dx12</Filter>
    </ClCompile>
    <ClCompile Include="dx12\draw_device_ms.cpp">
      <Filter>dx12</Filter>
    </ClCompile>
    <ClCompile Include="dx12\fence.cpp">
      <Filter>dx12</Filter>
    </ClCompile>
    <ClCompile Include="dx12\fence_value.cpp">
      <Filter>dx12</Filter>
    </ClCompile>
    <ClCompile Include="dx12\fence_values.cpp">
      <Filter>dx12</Filter>
    </ClCompile>
    <ClCompile Include="dx12\globals.cpp">
      <Filter>dx12</Filter>
    </ClCompile>
    <ClCompile Include="dx12\gpu_event.cpp">
      <Filter>dx12</Filter>
    </ClCompile>
    <ClCompile Include="dx12\heap.cpp">
      <Filter>dx12</Filter>
    </ClCompile>
    <ClCompile Include="dx12\mem_allocator.cpp">
      <Filter>dx12</Filter>
    </ClCompile>
    <ClCompile Include="dx12\mem_range.cpp">
      <Filter>dx12</Filter>
    </ClCompile>
    <ClCompile Include="dx12\object_cache.cpp">
      <Filter>dx12</Filter>
    </ClCompile>
    <ClCompile Include="dx12\queue.cpp">
      <Filter>dx12</Filter>
    </ClCompile>
    <ClCompile Include="dx12\queues.cpp">
      <Filter>dx12</Filter>
    </ClCompile>
    <ClCompile Include="dx12\residency.cpp">
      <Filter>dx12</Filter>
    </ClCompile>
    <ClCompile Include="dx12\resource.cpp">
      <Filter>dx12</Filter>
    </ClCompile>
    <ClCompile Include="dx12\resource_state.cpp">
      <Filter>dx12</Filter>
    </ClCompile>
    <ClCompile Include="dx12\resource_tracker.cpp">
      <Filter>dx12</Filter>
    </ClCompile>
    <ClCompile Include="dx12\target_access.cpp">
      <Filter>dx12</Filter>
    </ClCompile>
    <ClCompile Include="dx12\target_texture.cpp">
      <Filter>dx12</Filter>
    </ClCompile>
    <ClCompile Include="dx12\target_window.cpp">
      <Filter>dx12</Filter>
    </ClCompile>
    <ClCompile Include="dx12\texture.cpp">
      <Filter>dx12</Filter>
    </ClCompile>
    <ClCompile Include="dx12\texture_util.cpp">
      <Filter>dx12</Filter>
    </ClCompile>
    <ClCompile Include="dx12\texture_view.cpp">
      <Filter>dx12</Filter>
    </ClCompile>
    <ClCompile Include="dx12\texture_view_access.cpp">
      <Filter>dx12</Filter>
    </ClCompile>
    <ClCompile Include="graphics\animation.cpp">
      <Filter>graphics</Filter>
    </ClCompile>
    <ClCompile Include="graphics\animation_base.cpp">
      <Filter>graphics</Filter>
    </ClCompile>
    <ClCompile Include="graphics\animation_keys.cpp">
      <Filter>graphics</Filter>
    </ClCompile>
    <ClCompile Include="graphics\animation_player.cpp">
      <Filter>graphics</Filter>
    </ClCompile>
    <ClCompile Include="graphics\animation_player_base.cpp">
      <Filter>graphics</Filter>
    </ClCompile>
    <ClCompile Include="graphics\font_file.cpp">
      <Filter>graphics</Filter>
    </ClCompile>
    <ClCompile Include="graphics\palette_cycle.cpp">
      <Filter>graphics</Filter>
    </ClCompile>
    <ClCompile Include="graphics\palette_data.cpp">
      <Filter>graphics</Filter>
    </ClCompile>
    <ClCompile Include="graphics\random_sprite.cpp">
      <Filter>graphics</Filter>
    </ClCompile>
    <ClCompile Include="graphics\render_targets.cpp">
      <Filter>graphics</Filter>
    </ClCompile>
    <ClCompile Include="graphics\shader.cpp">
      <Filter>graphics</Filter>
    </ClCompile>
    <ClCompile Include="graphics\sprite.cpp">
      <Filter>graphics</Filter>
    </ClCompile>
    <ClCompile Include="graphics\sprite_font.cpp">
      <Filter>graphics</Filter>
    </ClCompile>
    <ClCompile Include="graphics\sprite_list.cpp">
      <Filter>graphics</Filter>
    </ClCompile>
    <ClCompile Include="graphics\sprite_optimizer.cpp">
      <Filter>graphics</Filter>
    </ClCompile>
    <ClCompile Include="graphics\sprite_resource.cpp">
      <Filter>graphics</Filter>
    </ClCompile>
    <ClCompile Include="graphics\texture_resource.cpp">
      <Filter>graphics</Filter>
    </ClCompile>
    <ClCompile Include="graphics\texture_metadata.cpp">
      <Filter>graphics</Filter>
    </ClCompile>
    <ClCompile Include="graphics\texture_data.cpp">
      <Filter>graphics</Filter>
    </ClCompile>
    <ClCompile Include="types\color.cpp">
      <Filter>types</Filter>
    </ClCompile>
    <ClCompile Include="types\data_blob.cpp">
      <Filter>types</Filter>
    </ClCompile>
    <ClCompile Include="types\matrix.cpp">
      <Filter>types</Filter>
    </ClCompile>
    <ClCompile Include="types\matrix_stack.cpp">
      <Filter>types</Filter>
    </ClCompile>
    <ClCompile Include="types\png_image.cpp">
      <Filter>types</Filter>
    </ClCompile>
    <ClCompile Include="types\transform.cpp">
      <Filter>types</Filter>
    </ClCompile>
    <ClCompile Include="types\vertex.cpp">
      <Filter>types</Filter>
    </ClCompile>
    <ClCompile Include="types\viewport.cpp">
      <Filter>types</Filter>
    </ClCompile>
    <ClCompile Include="write\write.cpp">
      <Filter>write</Filter>
    </ClCompile>
  </ItemGroup>
  <ItemGroup>
    <ClInclude Include="pch.h" />
    <ClInclude Include="init.h" />
    <ClInclude Include="audio\audio.h">
      <Filter>audio</Filter>
    </ClInclude>
    <ClInclude Include="audio\audio_child_base.h">
      <Filter>audio</Filter>
    </ClInclude>
    <ClInclude Include="audio\audio_effect.h">
      <Filter>audio</Filter>
    </ClInclude>
    <ClInclude Include="audio\audio_effect_base.h">
      <Filter>audio</Filter>
    </ClInclude>
    <ClInclude Include="audio\audio_effect_playing.h">
      <Filter>audio</Filter>
    </ClInclude>
    <ClInclude Include="audio\audio_playing_base.h">
      <Filter>audio</Filter>
    </ClInclude>
    <ClInclude Include="audio\destroy_voice.h">
      <Filter>audio</Filter>
    </ClInclude>
    <ClInclude Include="audio\music.h">
      <Filter>audio</Filter>
    </ClInclude>
    <ClInclude Include="audio\music_playing.h">
      <Filter>audio</Filter>
    </ClInclude>
    <ClInclude Include="input\gamepad_device.h">
      <Filter>input</Filter>
    </ClInclude>
    <ClInclude Include="input\input.h">
      <Filter>input</Filter>
    </ClInclude>
    <ClInclude Include="input\input_device_base.h">
      <Filter>input</Filter>
    </ClInclude>
    <ClInclude Include="input\input_device_event.h">
      <Filter>input</Filter>
    </ClInclude>
    <ClInclude Include="input\input_mapping.h">
      <Filter>input</Filter>
    </ClInclude>
    <ClInclude Include="input\input_vk.h">
      <Filter>input</Filter>
    </ClInclude>
    <ClInclude Include="input\keyboard_device.h">
      <Filter>input</Filter>
    </ClInclude>
    <ClInclude Include="input\pointer_device.h">
      <Filter>input</Filter>
    </ClInclude>
    <ClInclude Include="audio\wav_file.h">
      <Filter>audio</Filter>
    </ClInclude>
    <ClInclude Include="dxgi\buffer_base.h">
      <Filter>dxgi</Filter>
    </ClInclude>
    <ClInclude Include="dxgi\command_context_base.h">
      <Filter>dxgi</Filter>
    </ClInclude>
    <ClInclude Include="dxgi\depth_base.h">
      <Filter>dxgi</Filter>
    </ClInclude>
    <ClInclude Include="dxgi\device_child_base.h">
      <Filter>dxgi</Filter>
    </ClInclude>
    <ClInclude Include="dxgi\draw_base.h">
      <Filter>dxgi</Filter>
    </ClInclude>
    <ClInclude Include="dxgi\draw_device_base.h">
      <Filter>dxgi</Filter>
    </ClInclude>
    <ClInclude Include="dxgi\draw_ptr.h">
      <Filter>dxgi</Filter>
    </ClInclude>
    <ClInclude Include="dxgi\draw_util.h">
      <Filter>dxgi</Filter>
    </ClInclude>
    <ClInclude Include="dxgi\format_util.h">
      <Filter>dxgi</Filter>
    </ClInclude>
    <ClInclude Include="dxgi\interop.h">
      <Filter>dxgi</Filter>
    </ClInclude>
    <ClInclude Include="dxgi\palette_base.h">
      <Filter>dxgi</Filter>
    </ClInclude>
    <ClInclude Include="dxgi\palette_data_base.h">
      <Filter>dxgi</Filter>
    </ClInclude>
    <ClInclude Include="dxgi\sprite_data.h">
      <Filter>dxgi</Filter>
    </ClInclude>
    <ClInclude Include="dxgi\target_access_base.h">
      <Filter>dxgi</Filter>
    </ClInclude>
    <ClInclude Include="dxgi\target_base.h">
      <Filter>dxgi</Filter>
    </ClInclude>
    <ClInclude Include="dxgi\target_window_base.h">
      <Filter>dxgi</Filter>
    </ClInclude>
    <ClInclude Include="dxgi\texture_base.h">
      <Filter>dxgi</Filter>
    </ClInclude>
    <ClInclude Include="dxgi\texture_metadata_base.h">
      <Filter>dxgi</Filter>
    </ClInclude>
    <ClInclude Include="dxgi\texture_view_access_base.h">
      <Filter>dxgi</Filter>
    </ClInclude>
    <ClInclude Include="dxgi\texture_view_base.h">
      <Filter>dxgi</Filter>
    </ClInclude>
    <ClInclude Include="dx12\access.h">
      <Filter>dx12</Filter>
    </ClInclude>
    <ClInclude Include="dx12\buffer.h">
      <Filter>dx12</Filter>
    </ClInclude>
    <ClInclude Include="dx12\commands.h">
      <Filter>dx12</Filter>
    </ClInclude>
    <ClInclude Include="dx12\depth.h">
      <Filter>dx12</Filter>
    </ClInclude>
    <ClInclude Include="dx12\descriptor_allocator.h">
      <Filter>dx12</Filter>
    </ClInclude>
    <ClInclude Include="dx12\descriptor_range.h">
      <Filter>dx12</Filter>
    </ClInclude>
    <ClInclude Include="dx12\device_reset_priority.h">
      <Filter>dx12</Filter>
    </ClInclude>
    <ClInclude Include="dx12\draw_device.h">
      <Filter>dx12</Filter>
    </ClInclude>
    <ClInclude Include="dx12\fence.h">
      <Filter>dx12</Filter>
    </ClInclude>
    <ClInclude Include="dx12\fence_value.h">
      <Filter>dx12</Filter>
    </ClInclude>
    <ClInclude Include="dx12\fence_values.h">
      <Filter>dx12</Filter>
    </ClInclude>
    <ClInclude Include="dx12\globals.h">
      <Filter>dx12</Filter>
    </ClInclude>
    <ClInclude Include="dx12\gpu_event.h">
      <Filter>dx12</Filter>
    </ClInclude>
    <ClInclude Include="dx12\heap.h">
      <Filter>dx12</Filter>
    </ClInclude>
    <ClInclude Include="dx12\mem_allocator.h">
      <Filter>dx12</Filter>
    </ClInclude>
    <ClInclude Include="dx12\mem_range.h">
      <Filter>dx12</Filter>
    </ClInclude>
    <ClInclude Include="dx12\object_cache.h">
      <Filter>dx12</Filter>
    </ClInclude>
    <ClInclude Include="dx12\queue.h">
      <Filter>dx12</Filter>
    </ClInclude>
    <ClInclude Include="dx12\queues.h">
      <Filter>dx12</Filter>
    </ClInclude>
    <ClInclude Include="dx12\residency.h">
      <Filter>dx12</Filter>
    </ClInclude>
    <ClInclude Include="dx12\resource.h">
      <Filter>dx12</Filter>
    </ClInclude>
    <ClInclude Include="dx12\resource_state.h">
      <Filter>dx12</Filter>
    </ClInclude>
    <ClInclude Include="dx12\resource_tracker.h">
      <Filter>dx12</Filter>
    </ClInclude>
    <ClInclude Include="dx12\target_access.h">
      <Filter>dx12</Filter>
    </ClInclude>
    <ClInclude Include="dx12\target_texture.h">
      <Filter>dx12</Filter>
    </ClInclude>
    <ClInclude Include="dx12\target_window.h">
      <Filter>dx12</Filter>
    </ClInclude>
    <ClInclude Include="dx12\texture.h">
      <Filter>dx12</Filter>
    </ClInclude>
    <ClInclude Include="dx12\texture_util.h">
      <Filter>dx12</Filter>
    </ClInclude>
    <ClInclude Include="dx12\texture_view.h">
      <Filter>dx12</Filter>
    </ClInclude>
    <ClInclude Include="dx12\texture_view_access.h">
      <Filter>dx12</Filter>
    </ClInclude>
    <ClInclude Include="graphics\animation.h">
      <Filter>graphics</Filter>
    </ClInclude>
    <ClInclude Include="graphics\animation_base.h">
      <Filter>graphics</Filter>
    </ClInclude>
    <ClInclude Include="graphics\animation_keys.h">
      <Filter>graphics</Filter>
    </ClInclude>
    <ClInclude Include="graphics\animation_player.h">
      <Filter>graphics</Filter>
    </ClInclude>
    <ClInclude Include="graphics\animation_player_base.h">
      <Filter>graphics</Filter>
    </ClInclude>
    <ClInclude Include="graphics\font_file.h">
      <Filter>graphics</Filter>
    </ClInclude>
    <ClInclude Include="graphics\palette_cycle.h">
      <Filter>graphics</Filter>
    </ClInclude>
    <ClInclude Include="graphics\palette_data.h">
      <Filter>graphics</Filter>
    </ClInclude>
    <ClInclude Include="graphics\random_sprite.h">
      <Filter>graphics</Filter>
    </ClInclude>
    <ClInclude Include="graphics\render_targets.h">
      <Filter>graphics</Filter>
    </ClInclude>
    <ClInclude Include="graphics\shader.h">
      <Filter>graphics</Filter>
    </ClInclude>
    <ClInclude Include="graphics\sprite.h">
      <Filter>graphics</Filter>
    </ClInclude>
    <ClInclude Include="graphics\sprite_base.h">
      <Filter>graphics</Filter>
    </ClInclude>
    <ClInclude Include="graphics\sprite_font.h">
      <Filter>graphics</Filter>
    </ClInclude>
    <ClInclude Include="graphics\sprite_list.h">
      <Filter>graphics</Filter>
    </ClInclude>
    <ClInclude Include="graphics\sprite_optimizer.h">
      <Filter>graphics</Filter>
    </ClInclude>
    <ClInclude Include="graphics\sprite_resource.h">
      <Filter>graphics</Filter>
    </ClInclude>
    <ClInclude Include="graphics\texture_resource.h">
      <Filter>graphics</Filter>
    </ClInclude>
    <ClInclude Include="graphics\texture_metadata.h">
      <Filter>graphics</Filter>
    </ClInclude>
    <ClInclude Include="graphics\texture_data.h">
      <Filter>graphics</Filter>
    </ClInclude>
    <ClInclude Include="types\color.h">
      <Filter>types</Filter>
    </ClInclude>
    <ClInclude Include="types\data_blob.h">
      <Filter>types</Filter>
    </ClInclude>
    <ClInclude Include="types\intrusive_list.h">
      <Filter>types</Filter>
    </ClInclude>
    <ClInclude Include="types\matrix.h">
      <Filter>types</Filter>
    </ClInclude>
    <ClInclude Include="types\matrix_stack.h">
      <Filter>types</Filter>
    </ClInclude>
    <ClInclude Include="types\operators.h">
      <Filter>types</Filter>
    </ClInclude>
    <ClInclude Include="types\png_image.h">
      <Filter>types</Filter>
    </ClInclude>
    <ClInclude Include="types\transform.h">
      <Filter>types</Filter>
    </ClInclude>
    <ClInclude Include="types\vertex.h">
      <Filter>types</Filter>
    </ClInclude>
    <ClInclude Include="types\viewport.h">
      <Filter>types</Filter>
    </ClInclude>
    <ClInclude Include="write\write.h">
      <Filter>write</Filter>
    </ClInclude>
  </ItemGroup>
  <ItemGroup>
    <Filter Include="audio">
      <UniqueIdentifier>{780a9217-fc95-4745-84e6-97166b86f278}</UniqueIdentifier>
    </Filter>
    <Filter Include="input">
      <UniqueIdentifier>{255a4cdb-fd9e-4e3a-a3bb-b0476d874e7f}</UniqueIdentifier>
    </Filter>
    <Filter Include="dxgi">
      <UniqueIdentifier>{38664c5b-c675-46a7-aef1-a6e330715c31}</UniqueIdentifier>
    </Filter>
    <Filter Include="assets">
      <UniqueIdentifier>{3dbe90e4-ff97-4761-a5ea-7df072b60d36}</UniqueIdentifier>
    </Filter>
    <Filter Include="dx12">
      <UniqueIdentifier>{b00ee1f2-d0a7-472a-b54e-0df2a8978acf}</UniqueIdentifier>
    </Filter>
    <Filter Include="graphics">
      <UniqueIdentifier>{0b9a9f4a-d253-4c38-9b03-1b0045cd1c06}</UniqueIdentifier>
    </Filter>
    <Filter Include="types">
      <UniqueIdentifier>{fad42053-11c4-4029-b5ea-ba3e57bd288e}</UniqueIdentifier>
    </Filter>
    <Filter Include="write">
      <UniqueIdentifier>{35f0ad7d-cd92-4e5d-879a-a8dc25f23115}</UniqueIdentifier>
    </Filter>
  </ItemGroup>
  <ItemGroup>
    <None Include="packages.ff.dx12.config" />
    <None Include="assets\shaders.hlsl">
      <Filter>assets</Filter>
    </None>
  </ItemGroup>
  <ItemGroup>
    <ResJson Include="assets\ff.dx12.res.json">
      <Filter>assets</Filter>
    </ResJson>
  </ItemGroup>
</Project>