<?xml version="1.0" encoding="utf-8"?>
<Project ToolsVersion="4.0" xmlns="http://schemas.microsoft.com/developer/msbuild/2003">
  <ItemGroup>
    <ClCompile Include="pch.cpp" />
    <ClCompile Include="vector.cpp" />
    <ClCompile Include="string2.cpp" />
    <ClCompile Include="mutex2.cpp" />
  </ItemGroup>
  <ItemGroup>
    <ClInclude Include="pch.h" />
    <ClInclude Include="vector.h" />
    <ClInclude Include="constants.h" />
    <ClInclude Include="pool_allocator.h" />
    <ClInclude Include="string2.h" />
    <ClInclude Include="math2.h" />
    <ClInclude Include="mutex2.h" />
  </ItemGroup>
  <ItemGroup>
    <Natvis Include="base.natvis" />
  </ItemGroup>
</Project>