<?xml version="1.0" encoding="utf-8"?>
<Project ToolsVersion="4.0" xmlns="http://schemas.microsoft.com/developer/msbuild/2003">
  <ItemGroup>
    <ClCompile Include="pch.cpp" />
    <ClCompile Include="vector.cpp" />
    <ClCompile Include="mutex2.cpp" />
    <ClCompile Include="string2.cpp" />
  </ItemGroup>
  <ItemGroup>
    <ClInclude Include="pch.h" />
    <ClInclude Include="..\..\include\ff\base.h">
      <Filter>include_all</Filter>
    </ClInclude>
    <ClInclude Include="constants.h" />
    <ClInclude Include="vector.h" />
    <ClInclude Include="pool_allocator.h" />
    <ClInclude Include="math2.h" />
    <ClInclude Include="mutex2.h" />
    <ClInclude Include="string2.h" />
  </ItemGroup>
  <ItemGroup>
    <Filter Include="include">
      <UniqueIdentifier>{c6fbbb94-e660-4da2-bb9b-a509b53edc5c}</UniqueIdentifier>
    </Filter>
    <Filter Include="include_all">
      <UniqueIdentifier>{71029158-fd69-4261-a12f-aaccdb611523}</UniqueIdentifier>
    </Filter>
  </ItemGroup>
  <ItemGroup>
    <Natvis Include="base.natvis" />
  </ItemGroup>
</Project>