<?xml version="1.0" encoding="utf-8"?>
<Project ToolsVersion="4.0" xmlns="http://schemas.microsoft.com/developer/msbuild/2003">
  <ItemGroup>
    <ClCompile Include="pch.cpp" />
    <ClCompile Include="source\utility.cpp">
      <Filter>source</Filter>
    </ClCompile>
    <ClCompile Include="source\format_util.cpp">
      <Filter>source</Filter>
    </ClCompile>
    <ClCompile Include="source\device_child_base.cpp">
      <Filter>source</Filter>
    </ClCompile>
    <ClCompile Include="source\data_blob.cpp">
      <Filter>source</Filter>
    </ClCompile>
    <ClCompile Include="source\texture_util.cpp">
      <Filter>source</Filter>
    </ClCompile>
    <ClCompile Include="source\transform.cpp">
      <Filter>source</Filter>
    </ClCompile>
    <ClCompile Include="source\color.cpp">
      <Filter>source</Filter>
    </ClCompile>
    <ClCompile Include="source\draw_base.cpp">
      <Filter>source</Filter>
    </ClCompile>
    <ClCompile Include="source\draw_ptr.cpp">
      <Filter>source</Filter>
    </ClCompile>
    <ClCompile Include="source\matrix.cpp">
      <Filter>source</Filter>
    </ClCompile>
    <ClCompile Include="source\matrix_stack.cpp">
      <Filter>source</Filter>
    </ClCompile>
    <ClCompile Include="source\sprite_data.cpp">
      <Filter>source</Filter>
    </ClCompile>
    <ClCompile Include="source\draw_util.cpp">
      <Filter>source</Filter>
    </ClCompile>
  </ItemGroup>
  <ItemGroup>
    <ClInclude Include="pch.h" />
    <ClInclude Include="source\operators.h">
      <Filter>source</Filter>
    </ClInclude>
    <ClInclude Include="source\utility.h">
      <Filter>source</Filter>
    </ClInclude>
    <ClInclude Include="source\format_util.h">
      <Filter>source</Filter>
    </ClInclude>
    <ClInclude Include="source\buffer_base.h">
      <Filter>source</Filter>
    </ClInclude>
    <ClInclude Include="source\device_child_base.h">
      <Filter>source</Filter>
    </ClInclude>
    <ClInclude Include="source\command_context_base.h">
      <Filter>source</Filter>
    </ClInclude>
    <ClInclude Include="source\data_blob.h">
      <Filter>source</Filter>
    </ClInclude>
    <ClInclude Include="source\depth_base.h">
      <Filter>source</Filter>
    </ClInclude>
    <ClInclude Include="source\target_base.h">
      <Filter>source</Filter>
    </ClInclude>
    <ClInclude Include="source\target_window_base.h">
      <Filter>source</Filter>
    </ClInclude>
    <ClInclude Include="source\target_access_base.h">
      <Filter>source</Filter>
    </ClInclude>
    <ClInclude Include="source\texture_base.h">
      <Filter>source</Filter>
    </ClInclude>
    <ClInclude Include="source\sprite_type.h">
      <Filter>source</Filter>
    </ClInclude>
    <ClInclude Include="source\texture_metadata_base.h">
      <Filter>source</Filter>
    </ClInclude>
    <ClInclude Include="source\texture_view_access_base.h">
      <Filter>source</Filter>
    </ClInclude>
    <ClInclude Include="source\texture_view_base.h">
      <Filter>source</Filter>
    </ClInclude>
    <ClInclude Include="source\texture_util.h">
      <Filter>source</Filter>
    </ClInclude>
    <ClInclude Include="source\transform.h">
      <Filter>source</Filter>
    </ClInclude>
    <ClInclude Include="source\color.h">
      <Filter>source</Filter>
    </ClInclude>
    <ClInclude Include="source\draw_base.h">
      <Filter>source</Filter>
    </ClInclude>
    <ClInclude Include="source\draw_ptr.h">
      <Filter>source</Filter>
    </ClInclude>
    <ClInclude Include="source\matrix.h">
      <Filter>source</Filter>
    </ClInclude>
    <ClInclude Include="source\matrix_stack.h">
      <Filter>source</Filter>
    </ClInclude>
    <ClInclude Include="source\sprite_data.h">
      <Filter>source</Filter>
    </ClInclude>
    <ClInclude Include="source\palette_base.h">
      <Filter>source</Filter>
    </ClInclude>
    <ClInclude Include="source\palette_data_base.h">
      <Filter>source</Filter>
    </ClInclude>
    <ClInclude Include="source\draw_util.h">
      <Filter>source</Filter>
    </ClInclude>
    <ClInclude Include="source\vertex.h">
      <Filter>source</Filter>
    </ClInclude>
    <ClInclude Include="source\intrusive_list.h">
      <Filter>source</Filter>
    </ClInclude>
  </ItemGroup>
  <ItemGroup>
    <Filter Include="source">
      <UniqueIdentifier>{ef35e02b-970a-4bdb-b706-09a435763296}</UniqueIdentifier>
    </Filter>
  </ItemGroup>
</Project>