<?xml version="1.0" encoding="utf-8"?>
<Project ToolsVersion="4.0" xmlns="http://schemas.microsoft.com/developer/msbuild/2003">
  <ItemGroup>
    <ClCompile Include="pch.cpp" />
    <ClCompile Include="source\init.cpp">
      <Filter>source</Filter>
    </ClCompile>
    <ClCompile Include="source\globals.cpp">
      <Filter>source</Filter>
    </ClCompile>
    <ClCompile Include="source\utility.cpp">
      <Filter>source</Filter>
    </ClCompile>
    <ClCompile Include="source\format_util.cpp">
      <Filter>source</Filter>
    </ClCompile>
    <ClCompile Include="source\device_child_base.cpp">
      <Filter>source</Filter>
    </ClCompile>
  </ItemGroup>
  <ItemGroup>
    <ClInclude Include="pch.h" />
    <ClInclude Include="source\init.h">
      <Filter>source</Filter>
    </ClInclude>
    <ClInclude Include="source\globals.h">
      <Filter>source</Filter>
    </ClInclude>
    <ClInclude Include="source\operators.h">
      <Filter>source</Filter>
    </ClInclude>
    <ClInclude Include="source\utility.h">
      <Filter>source</Filter>
    </ClInclude>
    <ClInclude Include="source\format_util.h">
      <Filter>source</Filter>
    </ClInclude>
    <ClInclude Include="source\command_context_base.h">
      <Filter>source</Filter>
    </ClInclude>
    <ClInclude Include="source\buffer_base.h">
      <Filter>source</Filter>
    </ClInclude>
    <ClInclude Include="source\device_child_base.h">
      <Filter>source</Filter>
    </ClInclude>
  </ItemGroup>
  <ItemGroup>
    <Filter Include="source">
      <UniqueIdentifier>{6a731877-fc3e-4880-be95-3b812e16a23a}</UniqueIdentifier>
    </Filter>
  </ItemGroup>
</Project>