<?xml version="1.0" encoding="utf-8"?>
<Project ToolsVersion="4.0" xmlns="http://schemas.microsoft.com/developer/msbuild/2003">
  <ItemGroup>
    <ClCompile Include="pch.cpp" />
    <ClCompile Include="source\app.cpp">
      <Filter>source</Filter>
    </ClCompile>
    <ClCompile Include="source\init.cpp">
      <Filter>source</Filter>
    </ClCompile>
    <ClCompile Include="source\settings.cpp">
      <Filter>source</Filter>
    </ClCompile>
    <ClCompile Include="source\state.cpp">
      <Filter>source</Filter>
    </ClCompile>
    <ClCompile Include="source\state_list.cpp">
      <Filter>source</Filter>
    </ClCompile>
    <ClCompile Include="source\state_wrapper.cpp">
      <Filter>source</Filter>
    </ClCompile>
    <ClCompile Include="source\ui_state.cpp">
      <Filter>source</Filter>
    </ClCompile>
    <ClCompile Include="source\ui_view_state.cpp">
      <Filter>source</Filter>
    </ClCompile>
    <ClCompile Include="source\debug_pages.cpp">
      <Filter>source</Filter>
    </ClCompile>
    <ClCompile Include="source\debug_state.cpp">
      <Filter>source</Filter>
    </ClCompile>
    <ClCompile Include="source\debug_counter_pages.cpp">
      <Filter>source</Filter>
    </ClCompile>
  </ItemGroup>
  <ItemGroup>
    <ClInclude Include="pch.h" />
    <ClInclude Include="application_api.h" />
    <ClInclude Include="source\app.h">
      <Filter>source</Filter>
    </ClInclude>
    <ClInclude Include="source\init.h">
      <Filter>source</Filter>
    </ClInclude>
    <ClInclude Include="source\app_time.h">
      <Filter>source</Filter>
    </ClInclude>
    <ClInclude Include="source\frame_time.h">
      <Filter>source</Filter>
    </ClInclude>
    <ClInclude Include="source\settings.h">
      <Filter>source</Filter>
    </ClInclude>
    <ClInclude Include="source\state.h">
      <Filter>source</Filter>
    </ClInclude>
    <ClInclude Include="source\state_list.h">
      <Filter>source</Filter>
    </ClInclude>
    <ClInclude Include="source\state_wrapper.h">
      <Filter>source</Filter>
    </ClInclude>
    <ClInclude Include="source\ui_state.h">
      <Filter>source</Filter>
    </ClInclude>
    <ClInclude Include="source\ui_view_state.h">
      <Filter>source</Filter>
    </ClInclude>
    <ClInclude Include="source\debug_pages.h">
      <Filter>source</Filter>
    </ClInclude>
    <ClInclude Include="source\debug_state.h">
      <Filter>source</Filter>
    </ClInclude>
    <ClInclude Include="source\debug_counter_pages.h">
      <Filter>source</Filter>
    </ClInclude>
  </ItemGroup>
  <ItemGroup>
    <Filter Include="source">
      <UniqueIdentifier>{ebcdae68-8e2f-42c6-8e18-730446be9339}</UniqueIdentifier>
    </Filter>
  </ItemGroup>
</Project>