<?xml version="1.0" encoding="utf-8"?>
<Project ToolsVersion="4.0" xmlns="http://schemas.microsoft.com/developer/msbuild/2003">
  <ItemGroup>
    <ClCompile Include="pch.cpp" />
    <ClCompile Include="init_app.cpp" />
    <ClCompile Include="app\app.cpp">
      <Filter>app</Filter>
    </ClCompile>
    <ClCompile Include="app\debug_state.cpp">
      <Filter>app</Filter>
    </ClCompile>
    <ClCompile Include="game\game_init.cpp">
      <Filter>game</Filter>
    </ClCompile>
    <ClCompile Include="game\root_state_base.cpp">
      <Filter>game</Filter>
    </ClCompile>
    <ClCompile Include="app\settings.cpp">
      <Filter>app</Filter>
    </ClCompile>
    <ClCompile Include="app\state.cpp">
      <Filter>app</Filter>
    </ClCompile>
    <ClCompile Include="assets\ff.app.res.cpp">
      <Filter>assets</Filter>
    </ClCompile>
    <ClCompile Include="app\imgui.cpp">
      <Filter>app</Filter>
    </ClCompile>
    <ClCompile Include="assets\ff.dx12.res.cpp">
      <Filter>assets</Filter>
    </ClCompile>
    <ClCompile Include="audio\audio.cpp">
      <Filter>audio</Filter>
    </ClCompile>
    <ClCompile Include="audio\audio_effect.cpp">
      <Filter>audio</Filter>
    </ClCompile>
    <ClCompile Include="audio\audio_effect_playing.cpp">
      <Filter>audio</Filter>
    </ClCompile>
    <ClCompile Include="audio\destroy_voice.cpp">
      <Filter>audio</Filter>
    </ClCompile>
    <ClCompile Include="audio\music.cpp">
      <Filter>audio</Filter>
    </ClCompile>
    <ClCompile Include="audio\music_playing.cpp">
      <Filter>audio</Filter>
    </ClCompile>
    <ClCompile Include="audio\wav_file.cpp">
      <Filter>audio</Filter>
    </ClCompile>
    <ClCompile Include="dx12\access.cpp">
      <Filter>dx12</Filter>
    </ClCompile>
    <ClCompile Include="dx12\buffer.cpp">
      <Filter>dx12</Filter>
    </ClCompile>
    <ClCompile Include="dx12\commands.cpp">
      <Filter>dx12</Filter>
    </ClCompile>
    <ClCompile Include="dx12\depth.cpp">
      <Filter>dx12</Filter>
    </ClCompile>
    <ClCompile Include="dx12\descriptor_allocator.cpp">
      <Filter>dx12</Filter>
    </ClCompile>
    <ClCompile Include="dx12\descriptor_range.cpp">
      <Filter>dx12</Filter>
    </ClCompile>
    <ClCompile Include="dx12\draw_device.cpp">
      <Filter>dx12</Filter>
    </ClCompile>
    <ClCompile Include="dx12\dx12_globals.cpp">
      <Filter>dx12</Filter>
    </ClCompile>
    <ClCompile Include="dx12\fence.cpp">
      <Filter>dx12</Filter>
    </ClCompile>
    <ClCompile Include="dx12\fence_value.cpp">
      <Filter>dx12</Filter>
    </ClCompile>
    <ClCompile Include="dx12\fence_values.cpp">
      <Filter>dx12</Filter>
    </ClCompile>
    <ClCompile Include="dx12\gpu_event.cpp">
      <Filter>dx12</Filter>
    </ClCompile>
    <ClCompile Include="dx12\heap.cpp">
      <Filter>dx12</Filter>
    </ClCompile>
    <ClCompile Include="dx12\mem_allocator.cpp">
      <Filter>dx12</Filter>
    </ClCompile>
    <ClCompile Include="dx12\mem_range.cpp">
      <Filter>dx12</Filter>
    </ClCompile>
    <ClCompile Include="dx12\object_cache.cpp">
      <Filter>dx12</Filter>
    </ClCompile>
    <ClCompile Include="dx12\queue.cpp">
      <Filter>dx12</Filter>
    </ClCompile>
    <ClCompile Include="dx12\queues.cpp">
      <Filter>dx12</Filter>
    </ClCompile>
    <ClCompile Include="dx12\residency.cpp">
      <Filter>dx12</Filter>
    </ClCompile>
    <ClCompile Include="dx12\resource.cpp">
      <Filter>dx12</Filter>
    </ClCompile>
    <ClCompile Include="dx12\resource_state.cpp">
      <Filter>dx12</Filter>
    </ClCompile>
    <ClCompile Include="dx12\resource_tracker.cpp">
      <Filter>dx12</Filter>
    </ClCompile>
    <ClCompile Include="dx12\target_texture.cpp">
      <Filter>dx12</Filter>
    </ClCompile>
    <ClCompile Include="dx12\target_window.cpp">
      <Filter>dx12</Filter>
    </ClCompile>
    <ClCompile Include="dx12\texture.cpp">
      <Filter>dx12</Filter>
    </ClCompile>
    <ClCompile Include="dx12\texture_view.cpp">
      <Filter>dx12</Filter>
    </ClCompile>
    <ClCompile Include="dxgi\buffer_base.cpp">
      <Filter>dxgi</Filter>
    </ClCompile>
    <ClCompile Include="dxgi\device_child_base.cpp">
      <Filter>dxgi</Filter>
    </ClCompile>
    <ClCompile Include="dxgi\draw_base.cpp">
      <Filter>dxgi</Filter>
    </ClCompile>
    <ClCompile Include="dxgi\draw_device_base.cpp">
      <Filter>dxgi</Filter>
    </ClCompile>
    <ClCompile Include="dxgi\draw_util.cpp">
      <Filter>dxgi</Filter>
    </ClCompile>
    <ClCompile Include="dxgi\dxgi_globals.cpp">
      <Filter>dxgi</Filter>
    </ClCompile>
    <ClCompile Include="dxgi\format_util.cpp">
      <Filter>dxgi</Filter>
    </ClCompile>
    <ClCompile Include="dxgi\sprite_data.cpp">
      <Filter>dxgi</Filter>
    </ClCompile>
    <ClCompile Include="graphics\animation.cpp">
      <Filter>graphics</Filter>
    </ClCompile>
    <ClCompile Include="graphics\animation_base.cpp">
      <Filter>graphics</Filter>
    </ClCompile>
    <ClCompile Include="graphics\animation_keys.cpp">
      <Filter>graphics</Filter>
    </ClCompile>
    <ClCompile Include="graphics\animation_player.cpp">
      <Filter>graphics</Filter>
    </ClCompile>
    <ClCompile Include="graphics\animation_player_base.cpp">
      <Filter>graphics</Filter>
    </ClCompile>
    <ClCompile Include="graphics\palette_cycle.cpp">
      <Filter>graphics</Filter>
    </ClCompile>
    <ClCompile Include="graphics\palette_data.cpp">
      <Filter>graphics</Filter>
    </ClCompile>
    <ClCompile Include="graphics\random_sprite.cpp">
      <Filter>graphics</Filter>
    </ClCompile>
    <ClCompile Include="graphics\render_targets.cpp">
      <Filter>graphics</Filter>
    </ClCompile>
    <ClCompile Include="graphics\shader.cpp">
      <Filter>graphics</Filter>
    </ClCompile>
    <ClCompile Include="graphics\sprite.cpp">
      <Filter>graphics</Filter>
    </ClCompile>
    <ClCompile Include="graphics\sprite_font.cpp">
      <Filter>graphics</Filter>
    </ClCompile>
    <ClCompile Include="graphics\sprite_list.cpp">
      <Filter>graphics</Filter>
    </ClCompile>
    <ClCompile Include="graphics\sprite_optimizer.cpp">
      <Filter>graphics</Filter>
    </ClCompile>
    <ClCompile Include="graphics\sprite_resource.cpp">
      <Filter>graphics</Filter>
    </ClCompile>
    <ClCompile Include="graphics\texture_data.cpp">
      <Filter>graphics</Filter>
    </ClCompile>
    <ClCompile Include="graphics\texture_metadata.cpp">
      <Filter>graphics</Filter>
    </ClCompile>
    <ClCompile Include="graphics\texture_resource.cpp">
      <Filter>graphics</Filter>
    </ClCompile>
    <ClCompile Include="input\gamepad_device.cpp">
      <Filter>input</Filter>
    </ClCompile>
    <ClCompile Include="input\input.cpp">
      <Filter>input</Filter>
    </ClCompile>
    <ClCompile Include="input\input_device_base.cpp">
      <Filter>input</Filter>
    </ClCompile>
    <ClCompile Include="input\input_device_event.cpp">
      <Filter>input</Filter>
    </ClCompile>
    <ClCompile Include="input\input_mapping.cpp">
      <Filter>input</Filter>
    </ClCompile>
    <ClCompile Include="input\input_vk.cpp">
      <Filter>input</Filter>
    </ClCompile>
    <ClCompile Include="input\keyboard_device.cpp">
      <Filter>input</Filter>
    </ClCompile>
    <ClCompile Include="input\pointer_device.cpp">
      <Filter>input</Filter>
    </ClCompile>
    <ClCompile Include="write\font_file.cpp">
      <Filter>write</Filter>
    </ClCompile>
    <ClCompile Include="write\write.cpp">
      <Filter>write</Filter>
    </ClCompile>
    <ClCompile Include="init_dx.cpp" />
    <ClCompile Include="graphics\png_image.cpp">
      <Filter>graphics</Filter>
    </ClCompile>
    <ClCompile Include="dx_types\blob.cpp">
      <Filter>dx_types</Filter>
    </ClCompile>
    <ClCompile Include="dx_types\color.cpp">
      <Filter>dx_types</Filter>
    </ClCompile>
    <ClCompile Include="dx_types\matrix.cpp">
      <Filter>dx_types</Filter>
    </ClCompile>
    <ClCompile Include="dx_types\matrix_stack.cpp">
      <Filter>dx_types</Filter>
    </ClCompile>
    <ClCompile Include="dx_types\transform.cpp">
      <Filter>dx_types</Filter>
    </ClCompile>
    <ClCompile Include="dx_types\viewport.cpp">
      <Filter>dx_types</Filter>
    </ClCompile>
  </ItemGroup>
  <ItemGroup>
    <ClInclude Include="pch.h" />
    <ClInclude Include="init_app.h" />
    <ClInclude Include="app\app.h">
      <Filter>app</Filter>
    </ClInclude>
    <ClInclude Include="app\debug_state.h">
      <Filter>app</Filter>
    </ClInclude>
    <ClInclude Include="game\game_init.h">
      <Filter>game</Filter>
    </ClInclude>
    <ClInclude Include="game\root_state_base.h">
      <Filter>game</Filter>
    </ClInclude>
    <ClInclude Include="app\settings.h">
      <Filter>app</Filter>
    </ClInclude>
    <ClInclude Include="app\state.h">
      <Filter>app</Filter>
    </ClInclude>
    <ClInclude Include="app\imgui.h">
      <Filter>app</Filter>
    </ClInclude>
    <ClInclude Include="audio\audio.h">
      <Filter>audio</Filter>
    </ClInclude>
    <ClInclude Include="audio\audio_child_base.h">
      <Filter>audio</Filter>
    </ClInclude>
    <ClInclude Include="audio\audio_effect.h">
      <Filter>audio</Filter>
    </ClInclude>
    <ClInclude Include="audio\audio_effect_base.h">
      <Filter>audio</Filter>
    </ClInclude>
    <ClInclude Include="audio\audio_effect_playing.h">
      <Filter>audio</Filter>
    </ClInclude>
    <ClInclude Include="audio\audio_playing_base.h">
      <Filter>audio</Filter>
    </ClInclude>
    <ClInclude Include="audio\destroy_voice.h">
      <Filter>audio</Filter>
    </ClInclude>
    <ClInclude Include="audio\music.h">
      <Filter>audio</Filter>
    </ClInclude>
    <ClInclude Include="audio\music_playing.h">
      <Filter>audio</Filter>
    </ClInclude>
    <ClInclude Include="audio\wav_file.h">
      <Filter>audio</Filter>
    </ClInclude>
    <ClInclude Include="dx12\access.h">
      <Filter>dx12</Filter>
    </ClInclude>
    <ClInclude Include="dx12\buffer.h">
      <Filter>dx12</Filter>
    </ClInclude>
    <ClInclude Include="dx12\commands.h">
      <Filter>dx12</Filter>
    </ClInclude>
    <ClInclude Include="dx12\depth.h">
      <Filter>dx12</Filter>
    </ClInclude>
    <ClInclude Include="dx12\descriptor_allocator.h">
      <Filter>dx12</Filter>
    </ClInclude>
    <ClInclude Include="dx12\descriptor_range.h">
      <Filter>dx12</Filter>
    </ClInclude>
    <ClInclude Include="dx12\device_reset_priority.h">
      <Filter>dx12</Filter>
    </ClInclude>
    <ClInclude Include="dx12\draw_device.h">
      <Filter>dx12</Filter>
    </ClInclude>
    <ClInclude Include="dx12\dx12_globals.h">
      <Filter>dx12</Filter>
    </ClInclude>
    <ClInclude Include="dx12\fence.h">
      <Filter>dx12</Filter>
    </ClInclude>
    <ClInclude Include="dx12\fence_value.h">
      <Filter>dx12</Filter>
    </ClInclude>
    <ClInclude Include="dx12\fence_values.h">
      <Filter>dx12</Filter>
    </ClInclude>
    <ClInclude Include="dx12\gpu_event.h">
      <Filter>dx12</Filter>
    </ClInclude>
    <ClInclude Include="dx12\heap.h">
      <Filter>dx12</Filter>
    </ClInclude>
    <ClInclude Include="dx12\mem_allocator.h">
      <Filter>dx12</Filter>
    </ClInclude>
    <ClInclude Include="dx12\mem_range.h">
      <Filter>dx12</Filter>
    </ClInclude>
    <ClInclude Include="dx12\object_cache.h">
      <Filter>dx12</Filter>
    </ClInclude>
    <ClInclude Include="dx12\queue.h">
      <Filter>dx12</Filter>
    </ClInclude>
    <ClInclude Include="dx12\queues.h">
      <Filter>dx12</Filter>
    </ClInclude>
    <ClInclude Include="dx12\residency.h">
      <Filter>dx12</Filter>
    </ClInclude>
    <ClInclude Include="dx12\resource.h">
      <Filter>dx12</Filter>
    </ClInclude>
    <ClInclude Include="dx12\resource_state.h">
      <Filter>dx12</Filter>
    </ClInclude>
    <ClInclude Include="dx12\resource_tracker.h">
      <Filter>dx12</Filter>
    </ClInclude>
    <ClInclude Include="dx12\target_texture.h">
      <Filter>dx12</Filter>
    </ClInclude>
    <ClInclude Include="dx12\target_window.h">
      <Filter>dx12</Filter>
    </ClInclude>
    <ClInclude Include="dx12\texture.h">
      <Filter>dx12</Filter>
    </ClInclude>
    <ClInclude Include="dx12\texture_view.h">
      <Filter>dx12</Filter>
    </ClInclude>
    <ClInclude Include="dxgi\buffer_base.h">
      <Filter>dxgi</Filter>
    </ClInclude>
    <ClInclude Include="dxgi\command_context_base.h">
      <Filter>dxgi</Filter>
    </ClInclude>
    <ClInclude Include="dxgi\depth_base.h">
      <Filter>dxgi</Filter>
    </ClInclude>
    <ClInclude Include="dxgi\device_child_base.h">
      <Filter>dxgi</Filter>
    </ClInclude>
    <ClInclude Include="dxgi\draw_base.h">
      <Filter>dxgi</Filter>
    </ClInclude>
    <ClInclude Include="dxgi\draw_device_base.h">
      <Filter>dxgi</Filter>
    </ClInclude>
    <ClInclude Include="dxgi\draw_util.h">
      <Filter>dxgi</Filter>
    </ClInclude>
    <ClInclude Include="dxgi\dxgi_globals.h">
      <Filter>dxgi</Filter>
    </ClInclude>
    <ClInclude Include="dxgi\format_util.h">
      <Filter>dxgi</Filter>
    </ClInclude>
    <ClInclude Include="dxgi\palette_base.h">
      <Filter>dxgi</Filter>
    </ClInclude>
    <ClInclude Include="dxgi\palette_data_base.h">
      <Filter>dxgi</Filter>
    </ClInclude>
    <ClInclude Include="dxgi\sprite_data.h">
      <Filter>dxgi</Filter>
    </ClInclude>
    <ClInclude Include="dxgi\target_access_base.h">
      <Filter>dxgi</Filter>
    </ClInclude>
    <ClInclude Include="dxgi\target_base.h">
      <Filter>dxgi</Filter>
    </ClInclude>
    <ClInclude Include="dxgi\target_window_base.h">
      <Filter>dxgi</Filter>
    </ClInclude>
    <ClInclude Include="dxgi\texture_base.h">
      <Filter>dxgi</Filter>
    </ClInclude>
    <ClInclude Include="dxgi\texture_metadata_base.h">
      <Filter>dxgi</Filter>
    </ClInclude>
    <ClInclude Include="dxgi\texture_view_access_base.h">
      <Filter>dxgi</Filter>
    </ClInclude>
    <ClInclude Include="dxgi\texture_view_base.h">
      <Filter>dxgi</Filter>
    </ClInclude>
    <ClInclude Include="graphics\animation.h">
      <Filter>graphics</Filter>
    </ClInclude>
    <ClInclude Include="graphics\animation_base.h">
      <Filter>graphics</Filter>
    </ClInclude>
    <ClInclude Include="graphics\animation_keys.h">
      <Filter>graphics</Filter>
    </ClInclude>
    <ClInclude Include="graphics\animation_player.h">
      <Filter>graphics</Filter>
    </ClInclude>
    <ClInclude Include="graphics\animation_player_base.h">
      <Filter>graphics</Filter>
    </ClInclude>
    <ClInclude Include="graphics\palette_cycle.h">
      <Filter>graphics</Filter>
    </ClInclude>
    <ClInclude Include="graphics\palette_data.h">
      <Filter>graphics</Filter>
    </ClInclude>
    <ClInclude Include="graphics\random_sprite.h">
      <Filter>graphics</Filter>
    </ClInclude>
    <ClInclude Include="graphics\render_targets.h">
      <Filter>graphics</Filter>
    </ClInclude>
    <ClInclude Include="graphics\shader.h">
      <Filter>graphics</Filter>
    </ClInclude>
    <ClInclude Include="graphics\sprite.h">
      <Filter>graphics</Filter>
    </ClInclude>
    <ClInclude Include="graphics\sprite_base.h">
      <Filter>graphics</Filter>
    </ClInclude>
    <ClInclude Include="graphics\sprite_font.h">
      <Filter>graphics</Filter>
    </ClInclude>
    <ClInclude Include="graphics\sprite_list.h">
      <Filter>graphics</Filter>
    </ClInclude>
    <ClInclude Include="graphics\sprite_optimizer.h">
      <Filter>graphics</Filter>
    </ClInclude>
    <ClInclude Include="graphics\sprite_resource.h">
      <Filter>graphics</Filter>
    </ClInclude>
    <ClInclude Include="graphics\texture_data.h">
      <Filter>graphics</Filter>
    </ClInclude>
    <ClInclude Include="graphics\texture_metadata.h">
      <Filter>graphics</Filter>
    </ClInclude>
    <ClInclude Include="graphics\texture_resource.h">
      <Filter>graphics</Filter>
    </ClInclude>
    <ClInclude Include="input\gamepad_device.h">
      <Filter>input</Filter>
    </ClInclude>
    <ClInclude Include="input\input.h">
      <Filter>input</Filter>
    </ClInclude>
    <ClInclude Include="input\input_device_base.h">
      <Filter>input</Filter>
    </ClInclude>
    <ClInclude Include="input\input_device_event.h">
      <Filter>input</Filter>
    </ClInclude>
    <ClInclude Include="input\input_mapping.h">
      <Filter>input</Filter>
    </ClInclude>
    <ClInclude Include="input\input_vk.h">
      <Filter>input</Filter>
    </ClInclude>
    <ClInclude Include="input\keyboard_device.h">
      <Filter>input</Filter>
    </ClInclude>
    <ClInclude Include="input\pointer_device.h">
      <Filter>input</Filter>
    </ClInclude>
    <ClInclude Include="write\font_file.h">
      <Filter>write</Filter>
    </ClInclude>
    <ClInclude Include="write\write.h">
      <Filter>write</Filter>
    </ClInclude>
    <ClInclude Include="init_dx.h" />
    <ClInclude Include="graphics\png_image.h">
      <Filter>graphics</Filter>
    </ClInclude>
    <ClInclude Include="dx_types\blob.h">
      <Filter>dx_types</Filter>
    </ClInclude>
    <ClInclude Include="dx_types\color.h">
      <Filter>dx_types</Filter>
    </ClInclude>
    <ClInclude Include="dx_types\intrusive_list.h">
      <Filter>dx_types</Filter>
    </ClInclude>
    <ClInclude Include="dx_types\matrix.h">
      <Filter>dx_types</Filter>
    </ClInclude>
    <ClInclude Include="dx_types\matrix_stack.h">
      <Filter>dx_types</Filter>
    </ClInclude>
    <ClInclude Include="dx_types\operators.h">
      <Filter>dx_types</Filter>
    </ClInclude>
    <ClInclude Include="dx_types\transform.h">
      <Filter>dx_types</Filter>
    </ClInclude>
    <ClInclude Include="dx_types\viewport.h">
      <Filter>dx_types</Filter>
    </ClInclude>
  </ItemGroup>
  <ItemGroup>
    <Filter Include="app">
      <UniqueIdentifier>{f56895ca-ca6e-4be1-aa91-abdf70c16bbe}</UniqueIdentifier>
    </Filter>
    <Filter Include="game">
      <UniqueIdentifier>{8f6b6eac-4462-441f-a595-0a0b605433f8}</UniqueIdentifier>
    </Filter>
    <Filter Include="assets">
      <UniqueIdentifier>{9593420c-cec8-45d4-81a9-af6a4ed036c3}</UniqueIdentifier>
    </Filter>
    <Filter Include="audio">
      <UniqueIdentifier>{1e84cf4c-dad0-41c5-b6b6-b3c5dfc3b7b9}</UniqueIdentifier>
    </Filter>
    <Filter Include="dx12">
      <UniqueIdentifier>{51f09b21-2bf0-46a6-b4e7-4b057b2ddcef}</UniqueIdentifier>
    </Filter>
    <Filter Include="dxgi">
      <UniqueIdentifier>{65cd8192-f478-4f83-bc86-48c5f1adf7bb}</UniqueIdentifier>
    </Filter>
    <Filter Include="graphics">
      <UniqueIdentifier>{163f9dbc-5589-4595-9b95-fdb45d84862e}</UniqueIdentifier>
    </Filter>
    <Filter Include="input">
      <UniqueIdentifier>{cb7269ff-6f16-4d76-8152-f251d5b4a616}</UniqueIdentifier>
    </Filter>
    <Filter Include="write">
      <UniqueIdentifier>{55ff5d3b-6cce-40e2-8b8d-e378de6b3156}</UniqueIdentifier>
    </Filter>
    <Filter Include="dx_types">
      <UniqueIdentifier>{a0e0cf09-8c60-49cc-8f9e-3ea97dfdb912}</UniqueIdentifier>
    </Filter>
  </ItemGroup>
  <ItemGroup>
    <ResJson Include="assets\ff.app.res.json">
      <Filter>assets</Filter>
    </ResJson>
    <ResJson Include="assets\ff.dx12.res.json">
      <Filter>assets</Filter>
    </ResJson>
  </ItemGroup>
  <ItemGroup>
    <None Include="assets\shaders.hlsl">
      <Filter>assets</Filter>
    </None>
    <None Include="packages.ff.application.config" />
  </ItemGroup>
</Project>