<?xml version="1.0" encoding="utf-8"?>
<Project ToolsVersion="4.0" xmlns="http://schemas.microsoft.com/developer/msbuild/2003">
  <ItemGroup>
    <ClCompile Include="pch.cpp" />
    <ClCompile Include="init.cpp" />
    <ClCompile Include="app\app.cpp">
      <Filter>app</Filter>
    </ClCompile>
    <ClCompile Include="app\debug_state.cpp">
      <Filter>app</Filter>
    </ClCompile>
    <ClCompile Include="game\game_init.cpp">
      <Filter>game</Filter>
    </ClCompile>
    <ClCompile Include="game\root_state_base.cpp">
      <Filter>game</Filter>
    </ClCompile>
    <ClCompile Include="app\settings.cpp">
      <Filter>app</Filter>
    </ClCompile>
    <ClCompile Include="app\state.cpp">
      <Filter>app</Filter>
    </ClCompile>
    <ClCompile Include="assets\ff.app.res.cpp">
      <Filter>assets</Filter>
    </ClCompile>
    <ClCompile Include="app\imgui.cpp">
      <Filter>app</Filter>
    </ClCompile>
  </ItemGroup>
  <ItemGroup>
    <ClInclude Include="pch.h" />
    <ClInclude Include="init.h" />
    <ClInclude Include="app\app.h">
      <Filter>app</Filter>
    </ClInclude>
    <ClInclude Include="app\debug_state.h">
      <Filter>app</Filter>
    </ClInclude>
    <ClInclude Include="game\game_init.h">
      <Filter>game</Filter>
    </ClInclude>
    <ClInclude Include="game\root_state_base.h">
      <Filter>game</Filter>
    </ClInclude>
    <ClInclude Include="app\settings.h">
      <Filter>app</Filter>
    </ClInclude>
    <ClInclude Include="app\state.h">
      <Filter>app</Filter>
    </ClInclude>
    <ClInclude Include="app\imgui.h">
      <Filter>app</Filter>
    </ClInclude>
  </ItemGroup>
  <ItemGroup>
    <Filter Include="app">
      <UniqueIdentifier>{f56895ca-ca6e-4be1-aa91-abdf70c16bbe}</UniqueIdentifier>
    </Filter>
    <Filter Include="game">
      <UniqueIdentifier>{8f6b6eac-4462-441f-a595-0a0b605433f8}</UniqueIdentifier>
    </Filter>
    <Filter Include="assets">
      <UniqueIdentifier>{9593420c-cec8-45d4-81a9-af6a4ed036c3}</UniqueIdentifier>
    </Filter>
  </ItemGroup>
  <ItemGroup>
    <ResJson Include="assets\ff.app.res.json">
      <Filter>assets</Filter>
    </ResJson>
  </ItemGroup>
</Project>