<?xml version="1.0" encoding="utf-8"?>
<Project ToolsVersion="4.0" xmlns="http://schemas.microsoft.com/developer/msbuild/2003">
  <ItemGroup>
    <ClCompile Include="pch.cpp" />
    <ClCompile Include="source\init.cpp">
      <Filter>source</Filter>
    </ClCompile>
    <ClCompile Include="source\app.cpp">
      <Filter>source</Filter>
    </ClCompile>
    <ClCompile Include="source\settings.cpp">
      <Filter>source</Filter>
    </ClCompile>
    <ClCompile Include="source\state.cpp">
      <Filter>source</Filter>
    </ClCompile>
    <ClCompile Include="source\ui_view_state.cpp">
      <Filter>source</Filter>
    </ClCompile>
    <ClCompile Include="source\debug_state.cpp">
      <Filter>source</Filter>
    </ClCompile>
    <ClCompile Include="source\filesystem.cpp">
      <Filter>source</Filter>
    </ClCompile>
    <ClCompile Include="source\game_init.cpp">
      <Filter>source</Filter>
    </ClCompile>
    <ClCompile Include="source\game_state_base.cpp">
      <Filter>source</Filter>
    </ClCompile>
  </ItemGroup>
  <ItemGroup>
    <ClInclude Include="pch.h" />
    <ClInclude Include="source\init.h">
      <Filter>source</Filter>
    </ClInclude>
    <ClInclude Include="source\app.h">
      <Filter>source</Filter>
    </ClInclude>
    <ClInclude Include="source\settings.h">
      <Filter>source</Filter>
    </ClInclude>
    <ClInclude Include="source\state.h">
      <Filter>source</Filter>
    </ClInclude>
    <ClInclude Include="source\ui_view_state.h">
      <Filter>source</Filter>
    </ClInclude>
    <ClInclude Include="source\debug_state.h">
      <Filter>source</Filter>
    </ClInclude>
    <ClInclude Include="source\filesystem.h">
      <Filter>source</Filter>
    </ClInclude>
    <ClInclude Include="source\game_init.h">
      <Filter>source</Filter>
    </ClInclude>
    <ClInclude Include="source\game_state_base.h">
      <Filter>source</Filter>
    </ClInclude>
  </ItemGroup>
  <ItemGroup>
    <Filter Include="source">
      <UniqueIdentifier>{56a1b1c6-71a1-45ce-8243-fe161f61597e}</UniqueIdentifier>
    </Filter>
    <Filter Include="assets">
      <UniqueIdentifier>{e9f01554-4350-4cd7-9927-2ae902df0fc2}</UniqueIdentifier>
    </Filter>
  </ItemGroup>
  <ItemGroup>
    <ResJson Include="assets\ff.assets.res.json">
      <Filter>assets</Filter>
    </ResJson>
  </ItemGroup>
</Project>