<?xml version="1.0" encoding="utf-8"?>
<Project ToolsVersion="4.0" xmlns="http://schemas.microsoft.com/developer/msbuild/2003">
  <ItemGroup>
    <ClCompile Include="pch.cpp" />
    <ClCompile Include="source\animation_keys.cpp">
      <Filter>source</Filter>
    </ClCompile>
    <ClCompile Include="source\viewport.cpp">
      <Filter>source</Filter>
    </ClCompile>
    <ClCompile Include="source\texture_util.cpp">
      <Filter>source</Filter>
    </ClCompile>
    <ClCompile Include="source\png_image.cpp">
      <Filter>source</Filter>
    </ClCompile>
    <ClCompile Include="source\init.cpp">
      <Filter>source</Filter>
    </ClCompile>
    <ClCompile Include="source\graphics.cpp">
      <Filter>source</Filter>
    </ClCompile>
    <ClCompile Include="source\texture_metadata.cpp">
      <Filter>source</Filter>
    </ClCompile>
    <ClCompile Include="source\animation_player.cpp">
      <Filter>source</Filter>
    </ClCompile>
    <ClCompile Include="source\sprite.cpp">
      <Filter>source</Filter>
    </ClCompile>
    <ClCompile Include="source\sprite_list.cpp">
      <Filter>source</Filter>
    </ClCompile>
    <ClCompile Include="source\sprite_resource.cpp">
      <Filter>source</Filter>
    </ClCompile>
    <ClCompile Include="source\sprite_optimizer.cpp">
      <Filter>source</Filter>
    </ClCompile>
    <ClCompile Include="source\palette_data.cpp">
      <Filter>source</Filter>
    </ClCompile>
    <ClCompile Include="source\palette_cycle.cpp">
      <Filter>source</Filter>
    </ClCompile>
    <ClCompile Include="source\sprite_font.cpp">
      <Filter>source</Filter>
    </ClCompile>
    <ClCompile Include="source\animation.cpp">
      <Filter>source</Filter>
    </ClCompile>
    <ClCompile Include="source\font_file.cpp">
      <Filter>source</Filter>
    </ClCompile>
    <ClCompile Include="source\random_sprite.cpp">
      <Filter>source</Filter>
    </ClCompile>
    <ClCompile Include="source\target_window.cpp">
      <Filter>source</Filter>
    </ClCompile>
    <ClCompile Include="source\texture.cpp">
      <Filter>source</Filter>
    </ClCompile>
    <ClCompile Include="source\shader.cpp">
      <Filter>source</Filter>
    </ClCompile>
  </ItemGroup>
  <ItemGroup>
    <ClInclude Include="pch.h" />
    <ClInclude Include="source\animation_keys.h">
      <Filter>source</Filter>
    </ClInclude>
    <ClInclude Include="source\viewport.h">
      <Filter>source</Filter>
    </ClInclude>
    <ClInclude Include="source\texture_util.h">
      <Filter>source</Filter>
    </ClInclude>
    <ClInclude Include="source\png_image.h">
      <Filter>source</Filter>
    </ClInclude>
    <ClInclude Include="source\palette_data.h">
      <Filter>source</Filter>
    </ClInclude>
    <ClInclude Include="source\init.h">
      <Filter>source</Filter>
    </ClInclude>
    <ClInclude Include="source\graphics.h">
      <Filter>source</Filter>
    </ClInclude>
    <ClInclude Include="source\texture_metadata.h">
      <Filter>source</Filter>
    </ClInclude>
    <ClInclude Include="source\animation_base.h">
      <Filter>source</Filter>
    </ClInclude>
    <ClInclude Include="source\animation_player.h">
      <Filter>source</Filter>
    </ClInclude>
    <ClInclude Include="source\sprite_base.h">
      <Filter>source</Filter>
    </ClInclude>
    <ClInclude Include="source\animation_player_base.h">
      <Filter>source</Filter>
    </ClInclude>
    <ClInclude Include="source\sprite.h">
      <Filter>source</Filter>
    </ClInclude>
    <ClInclude Include="source\sprite_list.h">
      <Filter>source</Filter>
    </ClInclude>
    <ClInclude Include="source\sprite_resource.h">
      <Filter>source</Filter>
    </ClInclude>
    <ClInclude Include="source\sprite_optimizer.h">
      <Filter>source</Filter>
    </ClInclude>
    <ClInclude Include="source\palette_cycle.h">
      <Filter>source</Filter>
    </ClInclude>
    <ClInclude Include="source\sprite_font.h">
      <Filter>source</Filter>
    </ClInclude>
    <ClInclude Include="source\animation.h">
      <Filter>source</Filter>
    </ClInclude>
    <ClInclude Include="source\font_file.h">
      <Filter>source</Filter>
    </ClInclude>
    <ClInclude Include="source\random_sprite.h">
      <Filter>source</Filter>
    </ClInclude>
    <ClInclude Include="source\target_window.h">
      <Filter>source</Filter>
    </ClInclude>
    <ClInclude Include="source\texture.h">
      <Filter>source</Filter>
    </ClInclude>
    <ClInclude Include="source\shader.h">
      <Filter>source</Filter>
    </ClInclude>
  </ItemGroup>
  <ItemGroup>
    <Filter Include="source">
      <UniqueIdentifier>{ee249d4a-d0e0-468c-ab99-809c379394f3}</UniqueIdentifier>
    </Filter>
  </ItemGroup>
</Project>