<?xml version="1.0" encoding="utf-8"?>
<Project ToolsVersion="4.0" xmlns="http://schemas.microsoft.com/developer/msbuild/2003">
  <ItemGroup>
    <Natvis Include="base.natvis" />
  </ItemGroup>
  <ItemGroup>
    <ClCompile Include="pch.cpp" />
    <ClCompile Include="types\frame_allocator.cpp">
      <Filter>types</Filter>
    </ClCompile>
    <ClCompile Include="types\uuid.cpp">
      <Filter>types</Filter>
    </ClCompile>
    <ClCompile Include="windows\win_msg.cpp">
      <Filter>windows</Filter>
    </ClCompile>
    <ClCompile Include="windows\win_handle.cpp">
      <Filter>windows</Filter>
    </ClCompile>
    <ClCompile Include="windows\window.cpp">
      <Filter>windows</Filter>
    </ClCompile>
    <ClCompile Include="types\signal.cpp">
      <Filter>types</Filter>
    </ClCompile>
    <ClCompile Include="thread\thread_dispatch.cpp">
      <Filter>thread</Filter>
    </ClCompile>
    <ClCompile Include="thread\thread_pool.cpp">
      <Filter>thread</Filter>
    </ClCompile>
    <ClCompile Include="init.cpp" />
    <ClCompile Include="types\scope_exit.cpp">
      <Filter>types</Filter>
    </ClCompile>
    <ClCompile Include="base\assert.cpp">
      <Filter>base</Filter>
    </ClCompile>
    <ClCompile Include="base\log.cpp">
      <Filter>base</Filter>
    </ClCompile>
    <ClCompile Include="base\math.cpp">
      <Filter>base</Filter>
    </ClCompile>
    <ClCompile Include="base\memory.cpp">
      <Filter>base</Filter>
    </ClCompile>
    <ClCompile Include="base\stable_hash.cpp">
      <Filter>base</Filter>
    </ClCompile>
    <ClCompile Include="base\string.cpp">
      <Filter>base</Filter>
    </ClCompile>
    <ClCompile Include="types\perf_timer.cpp">
      <Filter>types</Filter>
    </ClCompile>
    <ClCompile Include="types\timer.cpp">
      <Filter>types</Filter>
    </ClCompile>
    <ClCompile Include="thread\co_awaiters.cpp">
      <Filter>thread</Filter>
    </ClCompile>
    <ClCompile Include="thread\co_exceptions.cpp">
      <Filter>thread</Filter>
    </ClCompile>
    <ClCompile Include="thread\co_task.cpp">
      <Filter>thread</Filter>
    </ClCompile>
    <ClCompile Include="data_value\bool_v.cpp">
      <Filter>data_value</Filter>
    </ClCompile>
    <ClCompile Include="data_value\data_v.cpp">
      <Filter>data_value</Filter>
    </ClCompile>
    <ClCompile Include="data_value\dict_v.cpp">
      <Filter>data_value</Filter>
    </ClCompile>
    <ClCompile Include="data_value\double_v.cpp">
      <Filter>data_value</Filter>
    </ClCompile>
    <ClCompile Include="data_value\fixed_v.cpp">
      <Filter>data_value</Filter>
    </ClCompile>
    <ClCompile Include="data_value\float_v.cpp">
      <Filter>data_value</Filter>
    </ClCompile>
    <ClCompile Include="data_value\int_v.cpp">
      <Filter>data_value</Filter>
    </ClCompile>
    <ClCompile Include="data_value\null_v.cpp">
      <Filter>data_value</Filter>
    </ClCompile>
    <ClCompile Include="data_value\saved_data_v.cpp">
      <Filter>data_value</Filter>
    </ClCompile>
    <ClCompile Include="data_value\size_v.cpp">
      <Filter>data_value</Filter>
    </ClCompile>
    <ClCompile Include="data_value\string_v.cpp">
      <Filter>data_value</Filter>
    </ClCompile>
    <ClCompile Include="data_value\uuid_v.cpp">
      <Filter>data_value</Filter>
    </ClCompile>
    <ClCompile Include="data_value\value.cpp">
      <Filter>data_value</Filter>
    </ClCompile>
    <ClCompile Include="data_value\value_allocator.cpp">
      <Filter>data_value</Filter>
    </ClCompile>
    <ClCompile Include="data_value\value_type.cpp">
      <Filter>data_value</Filter>
    </ClCompile>
    <ClCompile Include="data_value\value_vector_v.cpp">
      <Filter>data_value</Filter>
    </ClCompile>
    <ClCompile Include="data_persist\compression.cpp">
      <Filter>data_persist</Filter>
    </ClCompile>
    <ClCompile Include="data_persist\data.cpp">
      <Filter>data_persist</Filter>
    </ClCompile>
    <ClCompile Include="data_persist\dict.cpp">
      <Filter>data_persist</Filter>
    </ClCompile>
    <ClCompile Include="data_persist\dict_visitor.cpp">
      <Filter>data_persist</Filter>
    </ClCompile>
    <ClCompile Include="data_persist\file.cpp">
      <Filter>data_persist</Filter>
    </ClCompile>
    <ClCompile Include="data_persist\filesystem.cpp">
      <Filter>data_persist</Filter>
    </ClCompile>
    <ClCompile Include="data_persist\json_persist.cpp">
      <Filter>data_persist</Filter>
    </ClCompile>
    <ClCompile Include="data_persist\json_tokenizer.cpp">
      <Filter>data_persist</Filter>
    </ClCompile>
    <ClCompile Include="data_persist\persist.cpp">
      <Filter>data_persist</Filter>
    </ClCompile>
    <ClCompile Include="data_persist\stream.cpp">
      <Filter>data_persist</Filter>
    </ClCompile>
    <ClCompile Include="data_persist\saved_data.cpp">
      <Filter>data_persist</Filter>
    </ClCompile>
    <ClCompile Include="resource\auto_resource.cpp">
      <Filter>resource</Filter>
    </ClCompile>
    <ClCompile Include="resource\global_resources.cpp">
      <Filter>resource</Filter>
    </ClCompile>
    <ClCompile Include="resource\resource.cpp">
      <Filter>resource</Filter>
    </ClCompile>
    <ClCompile Include="resource\resource_file.cpp">
      <Filter>resource</Filter>
    </ClCompile>
    <ClCompile Include="resource\resource_load.cpp">
      <Filter>resource</Filter>
    </ClCompile>
    <ClCompile Include="resource\resource_load_context.cpp">
      <Filter>resource</Filter>
    </ClCompile>
    <ClCompile Include="resource\resource_load2.cpp">
      <Filter>resource</Filter>
    </ClCompile>
    <ClCompile Include="resource\resource_object_base.cpp">
      <Filter>resource</Filter>
    </ClCompile>
    <ClCompile Include="resource\resource_object_factory_base.cpp">
      <Filter>resource</Filter>
    </ClCompile>
    <ClCompile Include="resource\resource_objects.cpp">
      <Filter>resource</Filter>
    </ClCompile>
    <ClCompile Include="resource\resource_values.cpp">
      <Filter>resource</Filter>
    </ClCompile>
    <ClCompile Include="data_value\resource_object_v.cpp">
      <Filter>data_value</Filter>
    </ClCompile>
    <ClCompile Include="data_value\resource_v.cpp">
      <Filter>data_value</Filter>
    </ClCompile>
    <ClCompile Include="windows\win32.cpp">
      <Filter>windows</Filter>
    </ClCompile>
  </ItemGroup>
  <ItemGroup>
    <ClInclude Include="pch.h" />
    <ClInclude Include="types\fixed.h">
      <Filter>types</Filter>
    </ClInclude>
    <ClInclude Include="types\flags.h">
      <Filter>types</Filter>
    </ClInclude>
    <ClInclude Include="types\point.h">
      <Filter>types</Filter>
    </ClInclude>
    <ClInclude Include="types\push_back.h">
      <Filter>types</Filter>
    </ClInclude>
    <ClInclude Include="types\rect.h">
      <Filter>types</Filter>
    </ClInclude>
    <ClInclude Include="types\frame_allocator.h">
      <Filter>types</Filter>
    </ClInclude>
    <ClInclude Include="types\intrusive_ptr.h">
      <Filter>types</Filter>
    </ClInclude>
    <ClInclude Include="types\uuid.h">
      <Filter>types</Filter>
    </ClInclude>
    <ClInclude Include="windows\win_msg.h">
      <Filter>windows</Filter>
    </ClInclude>
    <ClInclude Include="types\stack_vector.h">
      <Filter>types</Filter>
    </ClInclude>
    <ClInclude Include="types\stash.h">
      <Filter>types</Filter>
    </ClInclude>
    <ClInclude Include="windows\win_handle.h">
      <Filter>windows</Filter>
    </ClInclude>
    <ClInclude Include="windows\window.h">
      <Filter>windows</Filter>
    </ClInclude>
    <ClInclude Include="types\pool_allocator.h">
      <Filter>types</Filter>
    </ClInclude>
    <ClInclude Include="types\signal.h">
      <Filter>types</Filter>
    </ClInclude>
    <ClInclude Include="thread\thread_dispatch.h">
      <Filter>thread</Filter>
    </ClInclude>
    <ClInclude Include="thread\thread_pool.h">
      <Filter>thread</Filter>
    </ClInclude>
    <ClInclude Include="init.h" />
    <ClInclude Include="types\scope_exit.h">
      <Filter>types</Filter>
    </ClInclude>
    <ClInclude Include="base\assert.h">
      <Filter>base</Filter>
    </ClInclude>
    <ClInclude Include="base\constants.h">
      <Filter>base</Filter>
    </ClInclude>
    <ClInclude Include="base\log.h">
      <Filter>base</Filter>
    </ClInclude>
    <ClInclude Include="base\math.h">
      <Filter>base</Filter>
    </ClInclude>
    <ClInclude Include="base\memory.h">
      <Filter>base</Filter>
    </ClInclude>
    <ClInclude Include="base\stable_hash.h">
      <Filter>base</Filter>
    </ClInclude>
    <ClInclude Include="base\string.h">
      <Filter>base</Filter>
    </ClInclude>
    <ClInclude Include="types\perf_timer.h">
      <Filter>types</Filter>
    </ClInclude>
    <ClInclude Include="types\timer.h">
      <Filter>types</Filter>
    </ClInclude>
    <ClInclude Include="thread\co_awaiters.h">
      <Filter>thread</Filter>
    </ClInclude>
    <ClInclude Include="thread\co_exceptions.h">
      <Filter>thread</Filter>
    </ClInclude>
    <ClInclude Include="thread\co_task.h">
      <Filter>thread</Filter>
    </ClInclude>
    <ClInclude Include="data_value\bool_v.h">
      <Filter>data_value</Filter>
    </ClInclude>
    <ClInclude Include="data_value\data_v.h">
      <Filter>data_value</Filter>
    </ClInclude>
    <ClInclude Include="data_value\dict_v.h">
      <Filter>data_value</Filter>
    </ClInclude>
    <ClInclude Include="data_value\double_v.h">
      <Filter>data_value</Filter>
    </ClInclude>
    <ClInclude Include="data_value\fixed_v.h">
      <Filter>data_value</Filter>
    </ClInclude>
    <ClInclude Include="data_value\float_v.h">
      <Filter>data_value</Filter>
    </ClInclude>
    <ClInclude Include="data_value\int_v.h">
      <Filter>data_value</Filter>
    </ClInclude>
    <ClInclude Include="data_value\null_v.h">
      <Filter>data_value</Filter>
    </ClInclude>
    <ClInclude Include="data_value\point_v.h">
      <Filter>data_value</Filter>
    </ClInclude>
    <ClInclude Include="data_value\rect_v.h">
      <Filter>data_value</Filter>
    </ClInclude>
    <ClInclude Include="data_value\saved_data_v.h">
      <Filter>data_value</Filter>
    </ClInclude>
    <ClInclude Include="data_value\size_v.h">
      <Filter>data_value</Filter>
    </ClInclude>
    <ClInclude Include="data_value\string_v.h">
      <Filter>data_value</Filter>
    </ClInclude>
    <ClInclude Include="data_value\uuid_v.h">
      <Filter>data_value</Filter>
    </ClInclude>
    <ClInclude Include="data_value\value.h">
      <Filter>data_value</Filter>
    </ClInclude>
    <ClInclude Include="data_value\value_allocator.h">
      <Filter>data_value</Filter>
    </ClInclude>
    <ClInclude Include="data_value\value_ptr.h">
      <Filter>data_value</Filter>
    </ClInclude>
    <ClInclude Include="data_value\value_traits.h">
      <Filter>data_value</Filter>
    </ClInclude>
    <ClInclude Include="data_value\value_type.h">
      <Filter>data_value</Filter>
    </ClInclude>
    <ClInclude Include="data_value\value_type_base.h">
      <Filter>data_value</Filter>
    </ClInclude>
    <ClInclude Include="data_value\value_vector_base.h">
      <Filter>data_value</Filter>
    </ClInclude>
    <ClInclude Include="data_value\value_vector_v.h">
      <Filter>data_value</Filter>
    </ClInclude>
    <ClInclude Include="data_persist\compression.h">
      <Filter>data_persist</Filter>
    </ClInclude>
    <ClInclude Include="data_persist\data.h">
      <Filter>data_persist</Filter>
    </ClInclude>
    <ClInclude Include="data_persist\dict.h">
      <Filter>data_persist</Filter>
    </ClInclude>
    <ClInclude Include="data_persist\dict_visitor.h">
      <Filter>data_persist</Filter>
    </ClInclude>
    <ClInclude Include="data_persist\file.h">
      <Filter>data_persist</Filter>
    </ClInclude>
    <ClInclude Include="data_persist\filesystem.h">
      <Filter>data_persist</Filter>
    </ClInclude>
    <ClInclude Include="data_persist\json_persist.h">
      <Filter>data_persist</Filter>
    </ClInclude>
    <ClInclude Include="data_persist\json_tokenizer.h">
      <Filter>data_persist</Filter>
    </ClInclude>
    <ClInclude Include="data_persist\persist.h">
      <Filter>data_persist</Filter>
    </ClInclude>
    <ClInclude Include="data_persist\stream.h">
      <Filter>data_persist</Filter>
    </ClInclude>
    <ClInclude Include="data_persist\saved_data.h">
      <Filter>data_persist</Filter>
    </ClInclude>
    <ClInclude Include="resource\auto_resource.h">
      <Filter>resource</Filter>
    </ClInclude>
    <ClInclude Include="resource\global_resources.h">
      <Filter>resource</Filter>
    </ClInclude>
    <ClInclude Include="resource\resource.h">
      <Filter>resource</Filter>
    </ClInclude>
    <ClInclude Include="resource\resource_file.h">
      <Filter>resource</Filter>
    </ClInclude>
    <ClInclude Include="resource\resource_load.h">
      <Filter>resource</Filter>
    </ClInclude>
    <ClInclude Include="resource\resource_load_context.h">
      <Filter>resource</Filter>
    </ClInclude>
    <ClInclude Include="resource\resource_object_base.h">
      <Filter>resource</Filter>
    </ClInclude>
    <ClInclude Include="resource\resource_object_factory_base.h">
      <Filter>resource</Filter>
    </ClInclude>
    <ClInclude Include="resource\resource_object_provider.h">
      <Filter>resource</Filter>
    </ClInclude>
    <ClInclude Include="resource\resource_objects.h">
      <Filter>resource</Filter>
    </ClInclude>
    <ClInclude Include="resource\resource_value_provider.h">
      <Filter>resource</Filter>
    </ClInclude>
    <ClInclude Include="resource\resource_values.h">
      <Filter>resource</Filter>
    </ClInclude>
    <ClInclude Include="data_value\resource_object_v.h">
      <Filter>data_value</Filter>
    </ClInclude>
    <ClInclude Include="data_value\resource_v.h">
      <Filter>data_value</Filter>
    </ClInclude>
    <ClInclude Include="windows\win32.h">
      <Filter>windows</Filter>
    </ClInclude>
  </ItemGroup>
  <ItemGroup>
    <Filter Include="types">
      <UniqueIdentifier>{96aa1f27-942e-4c71-925d-bfcef7c9bc4c}</UniqueIdentifier>
    </Filter>
    <Filter Include="windows">
      <UniqueIdentifier>{225ebac2-06eb-4379-807e-e971d90be7e0}</UniqueIdentifier>
    </Filter>
    <Filter Include="thread">
      <UniqueIdentifier>{0975f246-33c7-4e32-a8d1-756deff11187}</UniqueIdentifier>
    </Filter>
    <Filter Include="base">
      <UniqueIdentifier>{094e5843-d9ba-4235-884f-6afd08318ee4}</UniqueIdentifier>
    </Filter>
    <Filter Include="data_value">
      <UniqueIdentifier>{14b48fcb-42ac-40f7-b056-4d9ce78f633e}</UniqueIdentifier>
    </Filter>
    <Filter Include="data_persist">
      <UniqueIdentifier>{63b1caac-a102-48a7-b666-8af6c2047770}</UniqueIdentifier>
    </Filter>
    <Filter Include="resource">
      <UniqueIdentifier>{1ede68d4-9cb1-40e9-8722-f095dfe2f7a1}</UniqueIdentifier>
    </Filter>
  </ItemGroup>
</Project>