<?xml version="1.0" encoding="utf-8"?>
<Project ToolsVersion="4.0" xmlns="http://schemas.microsoft.com/developer/msbuild/2003">
  <ItemGroup>
    <ClCompile Include="pch.cpp" />
    <ClCompile Include="source\init.cpp">
      <Filter>source</Filter>
    </ClCompile>
    <ClCompile Include="source\globals.cpp">
      <Filter>source</Filter>
    </ClCompile>
    <ClCompile Include="source\fence.cpp">
      <Filter>source</Filter>
    </ClCompile>
    <ClCompile Include="source\heap.cpp">
      <Filter>source</Filter>
    </ClCompile>
    <ClCompile Include="source\descriptor_allocator.cpp">
      <Filter>source</Filter>
    </ClCompile>
    <ClCompile Include="source\descriptor_range.cpp">
      <Filter>source</Filter>
    </ClCompile>
    <ClCompile Include="source\fence_value.cpp">
      <Filter>source</Filter>
    </ClCompile>
    <ClCompile Include="source\commands.cpp">
      <Filter>source</Filter>
    </ClCompile>
    <ClCompile Include="source\queue.cpp">
      <Filter>source</Filter>
    </ClCompile>
    <ClCompile Include="source\queues.cpp">
      <Filter>source</Filter>
    </ClCompile>
    <ClCompile Include="source\resource.cpp">
      <Filter>source</Filter>
    </ClCompile>
    <ClCompile Include="source\mem_allocator.cpp">
      <Filter>source</Filter>
    </ClCompile>
    <ClCompile Include="source\mem_range.cpp">
      <Filter>source</Filter>
    </ClCompile>
    <ClCompile Include="source\access.cpp">
      <Filter>source</Filter>
    </ClCompile>
    <ClCompile Include="source\fence_values.cpp">
      <Filter>source</Filter>
    </ClCompile>
    <ClCompile Include="source\target_access.cpp">
      <Filter>source</Filter>
    </ClCompile>
    <ClCompile Include="source\texture.cpp">
      <Filter>source</Filter>
    </ClCompile>
    <ClCompile Include="source\texture_view.cpp">
      <Filter>source</Filter>
    </ClCompile>
    <ClCompile Include="source\texture_view_access.cpp">
      <Filter>source</Filter>
    </ClCompile>
    <ClCompile Include="source\texture_util.cpp">
      <Filter>source</Filter>
    </ClCompile>
    <ClCompile Include="source\depth.cpp">
      <Filter>source</Filter>
    </ClCompile>
    <ClCompile Include="source\buffer.cpp">
      <Filter>source</Filter>
    </ClCompile>
    <ClCompile Include="source\residency.cpp">
      <Filter>source</Filter>
    </ClCompile>
    <ClCompile Include="source\draw_device.cpp">
      <Filter>source</Filter>
    </ClCompile>
    <ClCompile Include="source\vertex.cpp">
      <Filter>source</Filter>
    </ClCompile>
    <ClCompile Include="source\resource_tracker.cpp">
      <Filter>source</Filter>
    </ClCompile>
    <ClCompile Include="source\resource_state.cpp">
      <Filter>source</Filter>
    </ClCompile>
  </ItemGroup>
  <ItemGroup>
    <ClInclude Include="pch.h" />
    <ClInclude Include="source\init.h">
      <Filter>source</Filter>
    </ClInclude>
    <ClInclude Include="source\globals.h">
      <Filter>source</Filter>
    </ClInclude>
    <ClInclude Include="source\fence.h">
      <Filter>source</Filter>
    </ClInclude>
    <ClInclude Include="source\heap.h">
      <Filter>source</Filter>
    </ClInclude>
    <ClInclude Include="source\descriptor_allocator.h">
      <Filter>source</Filter>
    </ClInclude>
    <ClInclude Include="source\descriptor_range.h">
      <Filter>source</Filter>
    </ClInclude>
    <ClInclude Include="source\fence_value.h">
      <Filter>source</Filter>
    </ClInclude>
    <ClInclude Include="source\commands.h">
      <Filter>source</Filter>
    </ClInclude>
    <ClInclude Include="source\queue.h">
      <Filter>source</Filter>
    </ClInclude>
    <ClInclude Include="source\queues.h">
      <Filter>source</Filter>
    </ClInclude>
    <ClInclude Include="source\resource.h">
      <Filter>source</Filter>
    </ClInclude>
    <ClInclude Include="source\mem_allocator.h">
      <Filter>source</Filter>
    </ClInclude>
    <ClInclude Include="source\mem_range.h">
      <Filter>source</Filter>
    </ClInclude>
    <ClInclude Include="source\access.h">
      <Filter>source</Filter>
    </ClInclude>
    <ClInclude Include="source\fence_values.h">
      <Filter>source</Filter>
    </ClInclude>
    <ClInclude Include="source\device_reset_priority.h">
      <Filter>source</Filter>
    </ClInclude>
    <ClInclude Include="source\target_access.h">
      <Filter>source</Filter>
    </ClInclude>
    <ClInclude Include="source\texture.h">
      <Filter>source</Filter>
    </ClInclude>
    <ClInclude Include="source\texture_view.h">
      <Filter>source</Filter>
    </ClInclude>
    <ClInclude Include="source\texture_view_access.h">
      <Filter>source</Filter>
    </ClInclude>
    <ClInclude Include="source\texture_util.h">
      <Filter>source</Filter>
    </ClInclude>
    <ClInclude Include="source\depth.h">
      <Filter>source</Filter>
    </ClInclude>
    <ClInclude Include="source\buffer.h">
      <Filter>source</Filter>
    </ClInclude>
    <ClInclude Include="source\residency.h">
      <Filter>source</Filter>
    </ClInclude>
    <ClInclude Include="source\draw_device.h">
      <Filter>source</Filter>
    </ClInclude>
    <ClInclude Include="source\vertex.h">
      <Filter>source</Filter>
    </ClInclude>
    <ClInclude Include="source\resource_tracker.h">
      <Filter>source</Filter>
    </ClInclude>
    <ClInclude Include="source\resource_state.h">
      <Filter>source</Filter>
    </ClInclude>
  </ItemGroup>
  <ItemGroup>
    <Filter Include="source">
      <UniqueIdentifier>{ef35e02b-970a-4bdb-b706-09a435763296}</UniqueIdentifier>
    </Filter>
    <Filter Include="assets">
      <UniqueIdentifier>{1174a2f9-a8ae-4b4d-9456-03bc0eaedfd2}</UniqueIdentifier>
    </Filter>
  </ItemGroup>
  <ItemGroup>
    <ResJson Include="assets\ff.dx12.res.json">
      <Filter>assets</Filter>
    </ResJson>
  </ItemGroup>
  <ItemGroup>
    <None Include="assets\shaders.hlsl">
      <Filter>assets</Filter>
    </None>
  </ItemGroup>
</Project>