<?xml version="1.0" encoding="utf-8"?>
<Project ToolsVersion="15.0" xmlns="http://schemas.microsoft.com/developer/msbuild/2003">
  <ItemGroup>
    <Filter Include="source">
      <UniqueIdentifier>{600b1e3d-3499-4182-8c79-298d9ceb3810}</UniqueIdentifier>
    </Filter>
    <Filter Include="app_images">
      <UniqueIdentifier>{1fde4b54-a8d6-40a4-a08e-63bc93a8f1db}</UniqueIdentifier>
    </Filter>
    <Filter Include="ui_assets">
      <UniqueIdentifier>{4e9c2273-88c5-469c-8bef-7c02f9e96b77}</UniqueIdentifier>
    </Filter>
    <Filter Include="ui_assets\theme">
      <UniqueIdentifier>{5bd1fe0c-6176-480f-a815-ca39c33652b3}</UniqueIdentifier>
    </Filter>
    <Filter Include="assets">
      <UniqueIdentifier>{d11f5130-c2ef-4a2f-b9a1-d7f9ef0267ed}</UniqueIdentifier>
    </Filter>
  </ItemGroup>
  <ItemGroup>
    <ClCompile Include="pch.cpp" />
    <ClCompile Include="source\utility.cpp">
      <Filter>source</Filter>
    </ClCompile>
    <ClCompile Include="$(GeneratedFilesDir)module.g.cpp" />
  </ItemGroup>
  <ItemGroup>
    <ClInclude Include="pch.h" />
    <ClInclude Include="source\utility.h">
      <Filter>source</Filter>
    </ClInclude>
  </ItemGroup>
  <ItemGroup>
    <AppxManifest Include="Package.appxmanifest" />
  </ItemGroup>
  <ItemGroup>
    <Page Include="source\main_page.xaml">
      <Filter>source</Filter>
    </Page>
    <Page Include="source\test_input_devices.xaml">
      <Filter>source</Filter>
    </Page>
    <Page Include="source\test_ui.xaml">
      <Filter>source</Filter>
    </Page>
    <Page Include="source\test_app.xaml">
      <Filter>source</Filter>
    </Page>
  </ItemGroup>
  <ItemGroup>
    <ApplicationDefinition Include="app.xaml" />
  </ItemGroup>
  <ItemGroup>
    <Image Include="app_images\LockScreenLogo.scale-200.png">
      <Filter>app_images</Filter>
    </Image>
    <Image Include="app_images\SplashScreen.scale-200.png">
      <Filter>app_images</Filter>
    </Image>
    <Image Include="app_images\Square44x44Logo.scale-200.png">
      <Filter>app_images</Filter>
    </Image>
    <Image Include="app_images\Square44x44Logo.targetsize-24_altform-unplated.png">
      <Filter>app_images</Filter>
    </Image>
    <Image Include="app_images\Square150x150Logo.scale-200.png">
      <Filter>app_images</Filter>
    </Image>
    <Image Include="app_images\StoreLogo.png">
      <Filter>app_images</Filter>
    </Image>
    <Image Include="app_images\Wide310x150Logo.scale-200.png">
      <Filter>app_images</Filter>
    </Image>
  </ItemGroup>
  <ItemGroup>
    <None Include="ui_assets\application_resources.xaml">
      <Filter>ui_assets</Filter>
    </None>
    <None Include="ui_assets\overlay.xaml">
      <Filter>ui_assets</Filter>
    </None>
    <None Include="ui_assets\theme\PT Root UI_Regular.otf">
      <Filter>ui_assets\theme</Filter>
    </None>
    <None Include="ui_assets\theme\NoesisTheme.Brushes.LightBlue.xaml">
      <Filter>ui_assets\theme</Filter>
    </None>
    <None Include="ui_assets\theme\NoesisTheme.Colors.Light.xaml">
      <Filter>ui_assets\theme</Filter>
    </None>
    <None Include="ui_assets\theme\NoesisTheme.Fonts.xaml">
      <Filter>ui_assets\theme</Filter>
    </None>
    <None Include="ui_assets\theme\NoesisTheme.LightBlue.xaml">
      <Filter>ui_assets\theme</Filter>
    </None>
    <None Include="ui_assets\theme\NoesisTheme.Styles.xaml">
      <Filter>ui_assets\theme</Filter>
    </None>
    <None Include="ui_assets\theme\PT Root UI_Bold.otf">
      <Filter>ui_assets\theme</Filter>
    </None>
    <None Include="$(NoesisDll)" />
    <None Include="$(WinPixDll)" />
  </ItemGroup>
  <ItemGroup>
    <ResJson Include="ui_assets\assets.xaml.res.json">
      <Filter>ui_assets</Filter>
    </ResJson>
    <ResJson Include="assets\assets.res.json">
      <Filter>assets</Filter>
    </ResJson>
  </ItemGroup>
</Project>