<?xml version="1.0" encoding="utf-8"?>
<Project ToolsVersion="4.0" xmlns="http://schemas.microsoft.com/developer/msbuild/2003">
  <ItemGroup>
    <Natvis Include="base.c.natvis" />
  </ItemGroup>
  <ItemGroup>
    <ClCompile Include="pch.c" />
    <ClCompile Include="base\assert.c">
      <Filter>base</Filter>
    </ClCompile>
    <ClCompile Include="base\log.c">
      <Filter>base</Filter>
    </ClCompile>
    <ClCompile Include="base\string.c">
      <Filter>base</Filter>
    </ClCompile>
    <ClCompile Include="base\arena.c">
      <Filter>base</Filter>
    </ClCompile>
    <ClCompile Include="base\hash.c">
      <Filter>base</Filter>
    </ClCompile>
    <ClCompile Include="base\math.c">
      <Filter>base</Filter>
    </ClCompile>
    <ClCompile Include="base\string_builder.c">
      <Filter>base</Filter>
    </ClCompile>
    <ClCompile Include="base\array.c">
      <Filter>base</Filter>
    </ClCompile>
    <ClCompile Include="base\signal.c">
      <Filter>base</Filter>
    </ClCompile>
    <ClCompile Include="base\span.c">
      <Filter>base</Filter>
    </ClCompile>
    <ClCompile Include="data\dict.c">
      <Filter>data</Filter>
    </ClCompile>
    <ClCompile Include="data\file.c">
      <Filter>data</Filter>
    </ClCompile>
    <ClCompile Include="data\idict.c">
      <Filter>data</Filter>
    </ClCompile>
    <ClCompile Include="data\json.c">
      <Filter>data</Filter>
    </ClCompile>
    <ClCompile Include="data\compression.c">
      <Filter>data</Filter>
    </ClCompile>
    <ClCompile Include="data\stream.c">
      <Filter>data</Filter>
    </ClCompile>
    <ClCompile Include="data\value.c">
      <Filter>data</Filter>
    </ClCompile>
    <ClCompile Include="dx12\dx12_globals.c">
      <Filter>dx12</Filter>
    </ClCompile>
    <ClCompile Include="data\settings.c">
      <Filter>data</Filter>
    </ClCompile>
    <ClCompile Include="windows\window.c">
      <Filter>windows</Filter>
    </ClCompile>
    <ClCompile Include="windows\module.c">
      <Filter>windows</Filter>
    </ClCompile>
    <ClCompile Include="windows\dispatch.c">
      <Filter>windows</Filter>
    </ClCompile>
    <ClCompile Include="windows\task.c">
      <Filter>windows</Filter>
    </ClCompile>
    <ClCompile Include="app\app.c">
      <Filter>app</Filter>
    </ClCompile>
  </ItemGroup>
  <ItemGroup>
    <ClInclude Include="pch.h" />
    <ClInclude Include="base\assert.h">
      <Filter>base</Filter>
    </ClInclude>
    <ClInclude Include="base\log.h">
      <Filter>base</Filter>
    </ClInclude>
    <ClInclude Include="base\string.h">
      <Filter>base</Filter>
    </ClInclude>
    <ClInclude Include="base\arena.h">
      <Filter>base</Filter>
    </ClInclude>
    <ClInclude Include="base\hash.h">
      <Filter>base</Filter>
    </ClInclude>
    <ClInclude Include="base\math.h">
      <Filter>base</Filter>
    </ClInclude>
    <ClInclude Include="base\signal.h">
      <Filter>base</Filter>
    </ClInclude>
    <ClInclude Include="base\span.h">
      <Filter>base</Filter>
    </ClInclude>
    <ClInclude Include="base\string_builder.h">
      <Filter>base</Filter>
    </ClInclude>
    <ClInclude Include="base\array.h">
      <Filter>base</Filter>
    </ClInclude>
    <ClInclude Include="data\dict.h">
      <Filter>data</Filter>
    </ClInclude>
    <ClInclude Include="data\file.h">
      <Filter>data</Filter>
    </ClInclude>
    <ClInclude Include="data\idict.h">
      <Filter>data</Filter>
    </ClInclude>
    <ClInclude Include="data\json.h">
      <Filter>data</Filter>
    </ClInclude>
    <ClInclude Include="data\compression.h">
      <Filter>data</Filter>
    </ClInclude>
    <ClInclude Include="data\stream.h">
      <Filter>data</Filter>
    </ClInclude>
    <ClInclude Include="data\value.h">
      <Filter>data</Filter>
    </ClInclude>
    <ClInclude Include="data\value_type.h">
      <Filter>data</Filter>
    </ClInclude>
    <ClInclude Include="dx12\dx12_globals.h">
      <Filter>dx12</Filter>
    </ClInclude>
    <ClInclude Include="data\settings.h">
      <Filter>data</Filter>
    </ClInclude>
    <ClInclude Include="windows\window.h">
      <Filter>windows</Filter>
    </ClInclude>
    <ClInclude Include="windows\module.h">
      <Filter>windows</Filter>
    </ClInclude>
    <ClInclude Include="windows\dispatch.h">
      <Filter>windows</Filter>
    </ClInclude>
    <ClInclude Include="windows\task.h">
      <Filter>windows</Filter>
    </ClInclude>
    <ClInclude Include="app\app.h">
      <Filter>app</Filter>
    </ClInclude>
  </ItemGroup>
  <ItemGroup>
    <Filter Include="base">
      <UniqueIdentifier>{8fc7d87d-611d-4b08-91b6-8abe24948899}</UniqueIdentifier>
    </Filter>
    <Filter Include="data">
      <UniqueIdentifier>{15ca1253-78df-4583-899f-2b1b5beb3213}</UniqueIdentifier>
    </Filter>
    <Filter Include="dx12">
      <UniqueIdentifier>{463fd0d6-5543-4abf-980e-1de3e025b78f}</UniqueIdentifier>
    </Filter>
    <Filter Include="windows">
      <UniqueIdentifier>{11053313-4aef-46a7-b4fe-69e569f48d02}</UniqueIdentifier>
    </Filter>
    <Filter Include="app">
      <UniqueIdentifier>{26f84247-d1a2-4411-84ce-6d14532f4a86}</UniqueIdentifier>
    </Filter>
  </ItemGroup>
</Project>