<?xml version="1.0" encoding="utf-8"?>
<Project ToolsVersion="4.0" xmlns="http://schemas.microsoft.com/developer/msbuild/2003">
  <ItemGroup>
    <Natvis Include="base.natvis" />
  </ItemGroup>
  <ItemGroup>
    <ClCompile Include="pch.cpp" />
  </ItemGroup>
  <ItemGroup>
    <ClInclude Include="pch.h" />
    <ClInclude Include="public_api.h" />
    <ClInclude Include="source\constants.h">
      <Filter>source</Filter>
    </ClInclude>
    <ClInclude Include="source\math.h">
      <Filter>source</Filter>
    </ClInclude>
    <ClInclude Include="source\pool_allocator.h">
      <Filter>source</Filter>
    </ClInclude>
    <ClInclude Include="source\vector.h">
      <Filter>source</Filter>
    </ClInclude>
    <ClInclude Include="source\forward_list.h">
      <Filter>source</Filter>
    </ClInclude>
    <ClInclude Include="source\type_helper.h">
      <Filter>source</Filter>
    </ClInclude>
    <ClInclude Include="source\list.h">
      <Filter>source</Filter>
    </ClInclude>
  </ItemGroup>
  <ItemGroup>
    <Filter Include="source">
      <UniqueIdentifier>{c99231be-6fed-402d-ac79-6763f69023ad}</UniqueIdentifier>
    </Filter>
  </ItemGroup>
</Project>