<?xml version="1.0" encoding="utf-8"?>
<Project ToolsVersion="4.0" xmlns="http://schemas.microsoft.com/developer/msbuild/2003">
  <ItemGroup>
    <ClCompile Include="pch.cpp" />
    <ClCompile Include="source\resource.cpp">
      <Filter>source</Filter>
    </ClCompile>
    <ClCompile Include="source\resource_object_base.cpp">
      <Filter>source</Filter>
    </ClCompile>
    <ClCompile Include="source\resource_object_factory_base.cpp">
      <Filter>source</Filter>
    </ClCompile>
    <ClCompile Include="source\resource_object_v.cpp">
      <Filter>source</Filter>
    </ClCompile>
    <ClCompile Include="source\resource_v.cpp">
      <Filter>source</Filter>
    </ClCompile>
    <ClCompile Include="source\init.cpp">
      <Filter>source</Filter>
    </ClCompile>
    <ClCompile Include="source\resource_load.cpp">
      <Filter>source</Filter>
    </ClCompile>
    <ClCompile Include="source\resource_load2.cpp">
      <Filter>source</Filter>
    </ClCompile>
    <ClCompile Include="source\resource_objects.cpp">
      <Filter>source</Filter>
    </ClCompile>
    <ClCompile Include="source\resource_values.cpp">
      <Filter>source</Filter>
    </ClCompile>
    <ClCompile Include="source\resource_load_context.cpp">
      <Filter>source</Filter>
    </ClCompile>
    <ClCompile Include="source\resource_file.cpp">
      <Filter>source</Filter>
    </ClCompile>
    <ClCompile Include="source\auto_resource.cpp">
      <Filter>source</Filter>
    </ClCompile>
  </ItemGroup>
  <ItemGroup>
    <ClInclude Include="pch.h" />
    <ClInclude Include="resource_api.h" />
    <ClInclude Include="source\resource.h">
      <Filter>source</Filter>
    </ClInclude>
    <ClInclude Include="source\resource_load_context.h">
      <Filter>source</Filter>
    </ClInclude>
    <ClInclude Include="source\resource_object_base.h">
      <Filter>source</Filter>
    </ClInclude>
    <ClInclude Include="source\resource_object_factory_base.h">
      <Filter>source</Filter>
    </ClInclude>
    <ClInclude Include="source\resource_object_v.h">
      <Filter>source</Filter>
    </ClInclude>
    <ClInclude Include="source\resource_v.h">
      <Filter>source</Filter>
    </ClInclude>
    <ClInclude Include="source\init.h">
      <Filter>source</Filter>
    </ClInclude>
    <ClInclude Include="source\resource_load.h">
      <Filter>source</Filter>
    </ClInclude>
    <ClInclude Include="source\resource_object_provider.h">
      <Filter>source</Filter>
    </ClInclude>
    <ClInclude Include="source\resource_objects.h">
      <Filter>source</Filter>
    </ClInclude>
    <ClInclude Include="source\resource_value_provider.h">
      <Filter>source</Filter>
    </ClInclude>
    <ClInclude Include="source\resource_values.h">
      <Filter>source</Filter>
    </ClInclude>
    <ClInclude Include="source\auto_resource.h">
      <Filter>source</Filter>
    </ClInclude>
    <ClInclude Include="source\resource_file.h">
      <Filter>source</Filter>
    </ClInclude>
  </ItemGroup>
  <ItemGroup>
    <Filter Include="source">
      <UniqueIdentifier>{67153630-8f17-46a6-8755-4d0fe9b964fe}</UniqueIdentifier>
    </Filter>
  </ItemGroup>
</Project>