<?xml version="1.0" encoding="utf-8"?>
<Project ToolsVersion="4.0" xmlns="http://schemas.microsoft.com/developer/msbuild/2003">
  <ItemGroup>
    <ClCompile Include="pch.cpp" />
    <ClCompile Include="source\base\fixed_test.cpp">
      <Filter>source\base</Filter>
    </ClCompile>
    <ClCompile Include="source\base\point_test.cpp">
      <Filter>source\base</Filter>
    </ClCompile>
    <ClCompile Include="source\base\pool_allocator_test.cpp">
      <Filter>source\base</Filter>
    </ClCompile>
    <ClCompile Include="source\base\rect_test.cpp">
      <Filter>source\base</Filter>
    </ClCompile>
    <ClCompile Include="source\base\string_test.cpp">
      <Filter>source\base</Filter>
    </ClCompile>
    <ClCompile Include="source\base\uuid_test.cpp">
      <Filter>source\base</Filter>
    </ClCompile>
    <ClCompile Include="source\base\vector_test.cpp">
      <Filter>source\base</Filter>
    </ClCompile>
    <ClCompile Include="source\data\file_test.cpp">
      <Filter>source\data</Filter>
    </ClCompile>
    <ClCompile Include="source\data\data_test.cpp">
      <Filter>source\data</Filter>
    </ClCompile>
    <ClCompile Include="source\data\compression_test.cpp">
      <Filter>source\data</Filter>
    </ClCompile>
    <ClCompile Include="source\data\persist_test.cpp">
      <Filter>source\data</Filter>
    </ClCompile>
    <ClCompile Include="source\data\value_test.cpp">
      <Filter>source\data</Filter>
    </ClCompile>
    <ClCompile Include="source\data\dict_test.cpp">
      <Filter>source\data</Filter>
    </ClCompile>
    <ClCompile Include="source\data\json_test.cpp">
      <Filter>source\data</Filter>
    </ClCompile>
    <ClCompile Include="source\base\signal_test.cpp">
      <Filter>source\base</Filter>
    </ClCompile>
    <ClCompile Include="source\base\window_test.cpp">
      <Filter>source\base</Filter>
    </ClCompile>
    <ClCompile Include="source\base\thread_dispatch_test.cpp">
      <Filter>source\base</Filter>
    </ClCompile>
    <ClCompile Include="source\base\thread_pool_test.cpp">
      <Filter>source\base</Filter>
    </ClCompile>
    <ClCompile Include="source\data\dict_visitor_test.cpp">
      <Filter>source\data</Filter>
    </ClCompile>
    <ClCompile Include="source\resource\resource_persist_test.cpp">
      <Filter>source\resource</Filter>
    </ClCompile>
    <ClCompile Include="source\main.cpp">
      <Filter>source</Filter>
    </ClCompile>
    <ClCompile Include="source\resource\resource_values_test.cpp">
      <Filter>source\resource</Filter>
    </ClCompile>
    <ClCompile Include="source\audio\effect_test.cpp">
      <Filter>source\audio</Filter>
    </ClCompile>
    <ClCompile Include="source\audio\music_test.cpp">
      <Filter>source\audio</Filter>
    </ClCompile>
    <ClCompile Include="source\input\keyboard_test.cpp">
      <Filter>source\input</Filter>
    </ClCompile>
    <ClCompile Include="source\input\mapping_test.cpp">
      <Filter>source\input</Filter>
    </ClCompile>
    <ClCompile Include="source\graphics\shader_test.cpp">
      <Filter>source\graphics</Filter>
    </ClCompile>
    <ClCompile Include="source\graphics\buffer_test.cpp">
      <Filter>source\graphics</Filter>
    </ClCompile>
    <ClCompile Include="source\graphics\depth_test.cpp">
      <Filter>source\graphics</Filter>
    </ClCompile>
    <ClCompile Include="source\graphics\viewport_test.cpp">
      <Filter>source\graphics</Filter>
    </ClCompile>
    <ClCompile Include="source\graphics\texture_test.cpp">
      <Filter>source\graphics</Filter>
    </ClCompile>
    <ClCompile Include="source\graphics\render_target_test.cpp">
      <Filter>source\graphics</Filter>
    </ClCompile>
  </ItemGroup>
  <ItemGroup>
    <ClInclude Include="pch.h" />
    <ClInclude Include="source\resource.h">
      <Filter>source</Filter>
    </ClInclude>
  </ItemGroup>
  <ItemGroup>
    <Filter Include="source">
      <UniqueIdentifier>{0ffe958e-6078-414e-9825-107c5af26444}</UniqueIdentifier>
    </Filter>
    <Filter Include="source\base">
      <UniqueIdentifier>{61ba3123-d669-4913-b682-a62ceb12074b}</UniqueIdentifier>
    </Filter>
    <Filter Include="source\data">
      <UniqueIdentifier>{b18b94e7-5f61-4526-b534-a4f7c58423f3}</UniqueIdentifier>
    </Filter>
    <Filter Include="source\resource">
      <UniqueIdentifier>{b7a6460a-796a-4a06-b9a9-d3566cbc9dbc}</UniqueIdentifier>
    </Filter>
    <Filter Include="source\audio">
      <UniqueIdentifier>{461ed571-3b17-4113-acf2-74827f2898c1}</UniqueIdentifier>
    </Filter>
    <Filter Include="source\input">
      <UniqueIdentifier>{500925ae-e8dd-4024-9262-fffd194a21de}</UniqueIdentifier>
    </Filter>
    <Filter Include="source\graphics">
      <UniqueIdentifier>{a8221fdc-2b07-473c-96ff-85a2c91d88c0}</UniqueIdentifier>
    </Filter>
  </ItemGroup>
  <ItemGroup>
    <ResourceCompile Include="source\resource.rc">
      <Filter>source</Filter>
    </ResourceCompile>
  </ItemGroup>
</Project>