<?xml version="1.0" encoding="utf-8"?>
<Project ToolsVersion="4.0" xmlns="http://schemas.microsoft.com/developer/msbuild/2003">
  <ItemGroup>
    <ClCompile Include="pch.cpp" />
    <ClCompile Include="source\base\fixed_test.cpp">
      <Filter>source\base</Filter>
    </ClCompile>
    <ClCompile Include="source\base\forward_list_test.cpp">
      <Filter>source\base</Filter>
    </ClCompile>
    <ClCompile Include="source\base\hash_set_test.cpp">
      <Filter>source\base</Filter>
    </ClCompile>
    <ClCompile Include="source\base\list_test.cpp">
      <Filter>source\base</Filter>
    </ClCompile>
    <ClCompile Include="source\base\point_test.cpp">
      <Filter>source\base</Filter>
    </ClCompile>
    <ClCompile Include="source\base\pool_allocator_test.cpp">
      <Filter>source\base</Filter>
    </ClCompile>
    <ClCompile Include="source\base\rect_test.cpp">
      <Filter>source\base</Filter>
    </ClCompile>
    <ClCompile Include="source\base\string_test.cpp">
      <Filter>source\base</Filter>
    </ClCompile>
    <ClCompile Include="source\base\unordered_map_perf.cpp">
      <Filter>source\base</Filter>
    </ClCompile>
    <ClCompile Include="source\base\uuid_test.cpp">
      <Filter>source\base</Filter>
    </ClCompile>
    <ClCompile Include="source\base\vector_test.cpp">
      <Filter>source\base</Filter>
    </ClCompile>
    <ClCompile Include="source\data\file_test.cpp">
      <Filter>source\data</Filter>
    </ClCompile>
    <ClCompile Include="source\data\data_test.cpp">
      <Filter>source\data</Filter>
    </ClCompile>
    <ClCompile Include="source\data\compression_test.cpp">
      <Filter>source\data</Filter>
    </ClCompile>
    <ClCompile Include="source\data\persist_test.cpp">
      <Filter>source\data</Filter>
    </ClCompile>
  </ItemGroup>
  <ItemGroup>
    <ClInclude Include="pch.h" />
  </ItemGroup>
  <ItemGroup>
    <Filter Include="source">
      <UniqueIdentifier>{0ffe958e-6078-414e-9825-107c5af26444}</UniqueIdentifier>
    </Filter>
    <Filter Include="source\base">
      <UniqueIdentifier>{61ba3123-d669-4913-b682-a62ceb12074b}</UniqueIdentifier>
    </Filter>
    <Filter Include="source\data">
      <UniqueIdentifier>{b18b94e7-5f61-4526-b534-a4f7c58423f3}</UniqueIdentifier>
    </Filter>
  </ItemGroup>
</Project>