<?xml version="1.0" encoding="utf-8"?>
<Project ToolsVersion="4.0" xmlns="http://schemas.microsoft.com/developer/msbuild/2003">
  <ItemGroup>
    <ClCompile Include="pch.cpp" />
    <ClCompile Include="source\pool_allocator_test.cpp">
      <Filter>source</Filter>
    </ClCompile>
    <ClCompile Include="source\vector_test.cpp">
      <Filter>source</Filter>
    </ClCompile>
    <ClCompile Include="source\forward_list_test.cpp">
      <Filter>source</Filter>
    </ClCompile>
    <ClCompile Include="source\list_test.cpp">
      <Filter>source</Filter>
    </ClCompile>
    <ClCompile Include="source\hash_set_test.cpp">
      <Filter>source</Filter>
    </ClCompile>
    <ClCompile Include="source\unordered_map_perf.cpp">
      <Filter>source</Filter>
    </ClCompile>
  </ItemGroup>
  <ItemGroup>
    <ClInclude Include="pch.h" />
  </ItemGroup>
  <ItemGroup>
    <Filter Include="source">
      <UniqueIdentifier>{0ffe958e-6078-414e-9825-107c5af26444}</UniqueIdentifier>
    </Filter>
  </ItemGroup>
</Project>