<?xml version="1.0" encoding="utf-8"?>
<Project ToolsVersion="4.0" xmlns="http://schemas.microsoft.com/developer/msbuild/2003">
  <ItemGroup>
    <ClCompile Include="pch.cpp" />
    <ClCompile Include="source\init.cpp">
      <Filter>source</Filter>
    </ClCompile>
    <ClCompile Include="source\input.cpp">
      <Filter>source</Filter>
    </ClCompile>
    <ClCompile Include="source\input_device_event.cpp">
      <Filter>source</Filter>
    </ClCompile>
    <ClCompile Include="source\keyboard_device.cpp">
      <Filter>source</Filter>
    </ClCompile>
    <ClCompile Include="source\pointer_device.cpp">
      <Filter>source</Filter>
    </ClCompile>
    <ClCompile Include="source\gamepad_device.cpp">
      <Filter>source</Filter>
    </ClCompile>
    <ClCompile Include="source\input_vk.cpp">
      <Filter>source</Filter>
    </ClCompile>
    <ClCompile Include="source\input_mapping.cpp">
      <Filter>source</Filter>
    </ClCompile>
  </ItemGroup>
  <ItemGroup>
    <ClInclude Include="pch.h" />
    <ClInclude Include="source\init.h">
      <Filter>source</Filter>
    </ClInclude>
    <ClInclude Include="source\input.h">
      <Filter>source</Filter>
    </ClInclude>
    <ClInclude Include="source\input_device_base.h">
      <Filter>source</Filter>
    </ClInclude>
    <ClInclude Include="source\input_device_event.h">
      <Filter>source</Filter>
    </ClInclude>
    <ClInclude Include="source\keyboard_device.h">
      <Filter>source</Filter>
    </ClInclude>
    <ClInclude Include="source\pointer_device.h">
      <Filter>source</Filter>
    </ClInclude>
    <ClInclude Include="source\gamepad_device.h">
      <Filter>source</Filter>
    </ClInclude>
    <ClInclude Include="source\input_vk.h">
      <Filter>source</Filter>
    </ClInclude>
    <ClInclude Include="source\input_mapping.h">
      <Filter>source</Filter>
    </ClInclude>
  </ItemGroup>
  <ItemGroup>
    <Filter Include="source">
      <UniqueIdentifier>{2a23fbf4-df1a-4b9c-b15b-60c753499abc}</UniqueIdentifier>
    </Filter>
  </ItemGroup>
</Project>