<?xml version="1.0" encoding="utf-8"?>
<Project ToolsVersion="4.0" xmlns="http://schemas.microsoft.com/developer/msbuild/2003">
  <ItemGroup>
    <ClCompile Include="pch.cpp" />
    <ClCompile Include="source\init.cpp">
      <Filter>source</Filter>
    </ClCompile>
    <ClCompile Include="source\ui.cpp">
      <Filter>source</Filter>
    </ClCompile>
    <ClCompile Include="source\key_map.cpp">
      <Filter>source</Filter>
    </ClCompile>
    <ClCompile Include="source\stream.cpp">
      <Filter>source</Filter>
    </ClCompile>
    <ClCompile Include="source\resource_cache.cpp">
      <Filter>source</Filter>
    </ClCompile>
    <ClCompile Include="source\xaml_provider.cpp">
      <Filter>source</Filter>
    </ClCompile>
    <ClCompile Include="source\font_provider.cpp">
      <Filter>source</Filter>
    </ClCompile>
    <ClCompile Include="source\texture_provider.cpp">
      <Filter>source</Filter>
    </ClCompile>
    <ClCompile Include="source\texture.cpp">
      <Filter>source</Filter>
    </ClCompile>
    <ClCompile Include="source\render_target.cpp">
      <Filter>source</Filter>
    </ClCompile>
    <ClCompile Include="source\ui_view.cpp">
      <Filter>source</Filter>
    </ClCompile>
    <ClCompile Include="source\notify_property_changed_base.cpp">
      <Filter>source</Filter>
    </ClCompile>
    <ClCompile Include="source\delegate_command.cpp">
      <Filter>source</Filter>
    </ClCompile>
    <ClCompile Include="source\converters.cpp">
      <Filter>source</Filter>
    </ClCompile>
    <ClCompile Include="source\render_device.cpp">
      <Filter>source</Filter>
    </ClCompile>
  </ItemGroup>
  <ItemGroup>
    <ClInclude Include="pch.h" />
    <ClInclude Include="source\init.h">
      <Filter>source</Filter>
    </ClInclude>
    <ClInclude Include="source\ui.h">
      <Filter>source</Filter>
    </ClInclude>
    <ClInclude Include="source\key_map.h">
      <Filter>source</Filter>
    </ClInclude>
    <ClInclude Include="source\stream.h">
      <Filter>source</Filter>
    </ClInclude>
    <ClInclude Include="source\resource_cache.h">
      <Filter>source</Filter>
    </ClInclude>
    <ClInclude Include="source\xaml_provider.h">
      <Filter>source</Filter>
    </ClInclude>
    <ClInclude Include="source\font_provider.h">
      <Filter>source</Filter>
    </ClInclude>
    <ClInclude Include="source\texture_provider.h">
      <Filter>source</Filter>
    </ClInclude>
    <ClInclude Include="source\texture.h">
      <Filter>source</Filter>
    </ClInclude>
    <ClInclude Include="source\render_target.h">
      <Filter>source</Filter>
    </ClInclude>
    <ClInclude Include="source\ui_view.h">
      <Filter>source</Filter>
    </ClInclude>
    <ClInclude Include="source\notify_property_changed_base.h">
      <Filter>source</Filter>
    </ClInclude>
    <ClInclude Include="source\delegate_command.h">
      <Filter>source</Filter>
    </ClInclude>
    <ClInclude Include="source\converters.h">
      <Filter>source</Filter>
    </ClInclude>
    <ClInclude Include="source\render_device.h">
      <Filter>source</Filter>
    </ClInclude>
  </ItemGroup>
  <ItemGroup>
    <None Include="assets\shader_ps.hlsl">
      <Filter>assets</Filter>
    </None>
    <None Include="assets\shader_vs.hlsl">
      <Filter>assets</Filter>
    </None>
  </ItemGroup>
  <ItemGroup>
    <Filter Include="source">
      <UniqueIdentifier>{af5fac23-7867-4b64-946c-a69a867461e4}</UniqueIdentifier>
    </Filter>
    <Filter Include="assets">
      <UniqueIdentifier>{62f87ca3-d54c-4880-83cc-f1142664f8c0}</UniqueIdentifier>
    </Filter>
  </ItemGroup>
  <ItemGroup>
    <ResJson Include="assets\ff.ui.res.json">
      <Filter>assets</Filter>
    </ResJson>
  </ItemGroup>
</Project>